// !$*UTF8*$!
{
	archiveVersion = 1;
	classes = {
	};
	objectVersion = 46;
	objects = {

/* Begin PBXBuildFile section */
		1D60589F0D05DD5A006BFB54 /* Foundation.framework in Frameworks */ = {isa = PBXBuildFile; fileRef = 1D30AB110D05D00D00671497 /* Foundation.framework */; };
		1DF5F4E00D08C38300B7A737 /* UIKit.framework in Frameworks */ = {isa = PBXBuildFile; fileRef = 1DF5F4DF0D08C38300B7A737 /* UIKit.framework */; };
		2892E4100DC94CBA00A64D0F /* CoreGraphics.framework in Frameworks */ = {isa = PBXBuildFile; fileRef = 2892E40F0DC94CBA00A64D0F /* CoreGraphics.framework */; };
		4F091E441077BDA900794F0E /* RootViewController.m in Sources */ = {isa = PBXBuildFile; fileRef = 4F091E381077BDA900794F0E /* RootViewController.m */; };
		4F091E451077BDA900794F0E /* ISFAppDelegate.m in Sources */ = {isa = PBXBuildFile; fileRef = 4F091E3B1077BDA900794F0E /* ISFAppDelegate.m */; };
		4F091E461077BDA900794F0E /* main.m in Sources */ = {isa = PBXBuildFile; fileRef = 4F091E3C1077BDA900794F0E /* main.m */; };
		4F091E471077BDA900794F0E /* MainWindow.xib in Resources */ = {isa = PBXBuildFile; fileRef = 4F091E411077BDA900794F0E /* MainWindow.xib */; };
		4F091E4C1077C02000794F0E /* icon.png in Resources */ = {isa = PBXBuildFile; fileRef = 4F091E4B1077C02000794F0E /* icon.png */; };
		4F091E5F1077C10000794F0E /* Default.png in Resources */ = {isa = PBXBuildFile; fileRef = 4F091E5E1077C10000794F0E /* Default.png */; };
		4F091EEE1077C78900794F0E /* MapViewController.m in Sources */ = {isa = PBXBuildFile; fileRef = 4F091EE91077C78900794F0E /* MapViewController.m */; };
		4F091EF01077C78900794F0E /* googleMapsAPI.m in Sources */ = {isa = PBXBuildFile; fileRef = 4F091EED1077C78900794F0E /* googleMapsAPI.m */; };
		4F091EF21077C7F400794F0E /* CoreLocation.framework in Frameworks */ = {isa = PBXBuildFile; fileRef = 4F091EF11077C7F400794F0E /* CoreLocation.framework */; };
		4F091EFF1077C8DB00794F0E /* MapKit.framework in Frameworks */ = {isa = PBXBuildFile; fileRef = 4F091EFE1077C8DB00794F0E /* MapKit.framework */; };
		4F091F0F1077CA6600794F0E /* SystemConfiguration.framework in Frameworks */ = {isa = PBXBuildFile; fileRef = 4F091F0E1077CA6600794F0E /* SystemConfiguration.framework */; };
		4F1953C110780E3700F2B4A0 /* MapViewController.xib in Resources */ = {isa = PBXBuildFile; fileRef = 4F1953C010780E3700F2B4A0 /* MapViewController.xib */; };
		4F195A9310786DB200F2B4A0 /* CoreData.framework in Frameworks */ = {isa = PBXBuildFile; fileRef = 4F195A9210786DB200F2B4A0 /* CoreData.framework */; };
		4F195AE210787BFA00F2B4A0 /* Model.m in Sources */ = {isa = PBXBuildFile; fileRef = 4F195AE110787BFA00F2B4A0 /* Model.m */; };
		4F260BDB108CB6D300737FAC /* Localizable.strings in Resources */ = {isa = PBXBuildFile; fileRef = 4F260BD9108CB6D300737FAC /* Localizable.strings */; };
		4F260CD7108D015400737FAC /* ConnectionViewController.m in Sources */ = {isa = PBXBuildFile; fileRef = 4F260CD6108D015400737FAC /* ConnectionViewController.m */; };
		4F260CD9108D019600737FAC /* ConnectionViewController.xib in Resources */ = {isa = PBXBuildFile; fileRef = 4F260CD8108D019600737FAC /* ConnectionViewController.xib */; };
		4F87B0AE107C2F270066F042 /* InfosViewController.m in Sources */ = {isa = PBXBuildFile; fileRef = 4F87B0AD107C2F270066F042 /* InfosViewController.m */; };
		4F87B0E4107C3DC80066F042 /* HotspotInfosViewController.m in Sources */ = {isa = PBXBuildFile; fileRef = 4F87B0E3107C3DC80066F042 /* HotspotInfosViewController.m */; };
		4F87B0E6107C3EA40066F042 /* HotspotInfosViewController.xib in Resources */ = {isa = PBXBuildFile; fileRef = 4F87B0E5107C3EA40066F042 /* HotspotInfosViewController.xib */; };
		4FA4B0A4108124D600CE5C68 /* NewsViewController.m in Sources */ = {isa = PBXBuildFile; fileRef = 4FA4B0A3108124D600CE5C68 /* NewsViewController.m */; };
		4FC35C681089249B000C0E7D /* LoadingOverlay.m in Sources */ = {isa = PBXBuildFile; fileRef = 4FC35C671089249B000C0E7D /* LoadingOverlay.m */; };
		4FE0EA6C10823584001100E9 /* NewsWebViewController.m in Sources */ = {isa = PBXBuildFile; fileRef = 4FE0EA6B10823584001100E9 /* NewsWebViewController.m */; };
		4FE0EA6E108235C1001100E9 /* NewsWebViewController.xib in Resources */ = {isa = PBXBuildFile; fileRef = 4FE0EA6D108235C1001100E9 /* NewsWebViewController.xib */; };
		4FECC12410790D9900CD8D96 /* LocationAnnotation.m in Sources */ = {isa = PBXBuildFile; fileRef = 4FECC12310790D9900CD8D96 /* LocationAnnotation.m */; };
		4FECC1AA107929B800CD8D96 /* XMLReader.m in Sources */ = {isa = PBXBuildFile; fileRef = 4FECC1A9107929B800CD8D96 /* XMLReader.m */; };
		4FECC26210794FF200CD8D96 /* Hotspot.m in Sources */ = {isa = PBXBuildFile; fileRef = 4FECC25F10794FF200CD8D96 /* Hotspot.m */; };
		4FECC375107986F700CD8D96 /* Node.m in Sources */ = {isa = PBXBuildFile; fileRef = 4FECC374107986F700CD8D96 /* Node.m */; };
		4FF1E88D107E3BAC0033B9E5 /* dist.plist in Resources */ = {isa = PBXBuildFile; fileRef = 4FF1E88C107E3BAC0033B9E5 /* dist.plist */; };
		BADBD83C1157C26F00757A9E /* libFlurryWithLocation.a in Frameworks */ = {isa = PBXBuildFile; fileRef = BADBD83B1157C26F00757A9E /* libFlurryWithLocation.a */; };
		C602FEAA11C1496800121FF3 /* btn-refresh.png in Resources */ = {isa = PBXBuildFile; fileRef = C602FEA911C1496800121FF3 /* btn-refresh.png */; };
		C602FEBC11C1628000121FF3 /* EGORefreshTableHeaderView.m in Sources */ = {isa = PBXBuildFile; fileRef = C602FEBB11C1628000121FF3 /* EGORefreshTableHeaderView.m */; };
		C602FEEA11C164F700121FF3 /* blackArrow.png in Resources */ = {isa = PBXBuildFile; fileRef = C602FEE711C164F700121FF3 /* blackArrow.png */; };
		C602FEEB11C164F700121FF3 /* blueArrow.png in Resources */ = {isa = PBXBuildFile; fileRef = C602FEE811C164F700121FF3 /* blueArrow.png */; };
		C602FEEC11C164F700121FF3 /* whiteArrow.png in Resources */ = {isa = PBXBuildFile; fileRef = C602FEE911C164F700121FF3 /* whiteArrow.png */; };
		C602FEF111C1653700121FF3 /* QuartzCore.framework in Frameworks */ = {isa = PBXBuildFile; fileRef = C602FEF011C1653700121FF3 /* QuartzCore.framework */; };
		C609660A11AC60D90044B6E6 /* Default1.png in Resources */ = {isa = PBXBuildFile; fileRef = C609660011AC60D90044B6E6 /* Default1.png */; };
		C609660B11AC60D90044B6E6 /* habs-home.png in Resources */ = {isa = PBXBuildFile; fileRef = C609660111AC60D90044B6E6 /* habs-home.png */; };
		C609660C11AC60D90044B6E6 /* head-fade-bk.png in Resources */ = {isa = PBXBuildFile; fileRef = C609660211AC60D90044B6E6 /* head-fade-bk.png */; };
		C609660D11AC60D90044B6E6 /* html1.html in Resources */ = {isa = PBXBuildFile; fileRef = C609660311AC60D90044B6E6 /* html1.html */; };
		C609660E11AC60D90044B6E6 /* html2.html in Resources */ = {isa = PBXBuildFile; fileRef = C609660411AC60D90044B6E6 /* html2.html */; };
		C609660F11AC60D90044B6E6 /* html3.html in Resources */ = {isa = PBXBuildFile; fileRef = C609660511AC60D90044B6E6 /* html3.html */; };
		C609661011AC60D90044B6E6 /* html4.html in Resources */ = {isa = PBXBuildFile; fileRef = C609660611AC60D90044B6E6 /* html4.html */; };
		C609661111AC60D90044B6E6 /* pinstripes-classic.gif in Resources */ = {isa = PBXBuildFile; fileRef = C609660711AC60D90044B6E6 /* pinstripes-classic.gif */; };
		C609661211AC60D90044B6E6 /* style-compressed.css in Resources */ = {isa = PBXBuildFile; fileRef = C609660811AC60D90044B6E6 /* style-compressed.css */; };
		C609661311AC60D90044B6E6 /* style.css in Resources */ = {isa = PBXBuildFile; fileRef = C609660911AC60D90044B6E6 /* style.css */; };
		C62BDCA5119B5C80003BB843 /* News.m in Sources */ = {isa = PBXBuildFile; fileRef = C62BDCA4119B5C80003BB843 /* News.m */; };
		C650EF6E11B067AF00FCB700 /* hotspot.xml in Resources */ = {isa = PBXBuildFile; fileRef = C650EF6D11B067AF00FCB700 /* hotspot.xml */; };
		C676189911BFE82200D4E4F4 /* alert_back-red.png in Resources */ = {isa = PBXBuildFile; fileRef = C676187211BFE82200D4E4F4 /* alert_back-red.png */; };
		C676189A11BFE82200D4E4F4 /* alert_back-yellow.png in Resources */ = {isa = PBXBuildFile; fileRef = C676187311BFE82200D4E4F4 /* alert_back-yellow.png */; };
		C676189B11BFE82200D4E4F4 /* btliste.jpg in Resources */ = {isa = PBXBuildFile; fileRef = C676187411BFE82200D4E4F4 /* btliste.jpg */; };
		C676189C11BFE82200D4E4F4 /* btlisteR.jpg in Resources */ = {isa = PBXBuildFile; fileRef = C676187511BFE82200D4E4F4 /* btlisteR.jpg */; };
		C676189D11BFE82200D4E4F4 /* btmap.jpg in Resources */ = {isa = PBXBuildFile; fileRef = C676187611BFE82200D4E4F4 /* btmap.jpg */; };
		C676189E11BFE82200D4E4F4 /* btmapR.jpg in Resources */ = {isa = PBXBuildFile; fileRef = C676187711BFE82200D4E4F4 /* btmapR.jpg */; };
		C676189F11BFE82200D4E4F4 /* btn_credits_en.png in Resources */ = {isa = PBXBuildFile; fileRef = C676187811BFE82200D4E4F4 /* btn_credits_en.png */; };
		C67618A011BFE82200D4E4F4 /* btn_credits_fr.png in Resources */ = {isa = PBXBuildFile; fileRef = C676187911BFE82200D4E4F4 /* btn_credits_fr.png */; };
		C67618A111BFE82200D4E4F4 /* btn_isf_en.png in Resources */ = {isa = PBXBuildFile; fileRef = C676187A11BFE82200D4E4F4 /* btn_isf_en.png */; };
		C67618A211BFE82200D4E4F4 /* btn_isf_fr.png in Resources */ = {isa = PBXBuildFile; fileRef = C676187B11BFE82200D4E4F4 /* btn_isf_fr.png */; };
		C67618A311BFE82200D4E4F4 /* btn_isf_infos_back_en.png in Resources */ = {isa = PBXBuildFile; fileRef = C676187C11BFE82200D4E4F4 /* btn_isf_infos_back_en.png */; };
		C67618A411BFE82200D4E4F4 /* btn_isf_infos_back_fr.png in Resources */ = {isa = PBXBuildFile; fileRef = C676187D11BFE82200D4E4F4 /* btn_isf_infos_back_fr.png */; };
		C67618A511BFE82200D4E4F4 /* btn-loc.png in Resources */ = {isa = PBXBuildFile; fileRef = C676187E11BFE82200D4E4F4 /* btn-loc.png */; };
		C67618A611BFE82200D4E4F4 /* coeur.png in Resources */ = {isa = PBXBuildFile; fileRef = C676187F11BFE82200D4E4F4 /* coeur.png */; };
		C67618A711BFE82200D4E4F4 /* direction.png in Resources */ = {isa = PBXBuildFile; fileRef = C676188011BFE82200D4E4F4 /* direction.png */; };
		C67618A811BFE82200D4E4F4 /* favorite-color.png in Resources */ = {isa = PBXBuildFile; fileRef = C676188111BFE82200D4E4F4 /* favorite-color.png */; };
		C67618A911BFE82200D4E4F4 /* favorite-color2.png in Resources */ = {isa = PBXBuildFile; fileRef = C676188211BFE82200D4E4F4 /* favorite-color2.png */; };
		C67618AA11BFE82200D4E4F4 /* favorite-grey.png in Resources */ = {isa = PBXBuildFile; fileRef = C676188311BFE82200D4E4F4 /* favorite-grey.png */; };
		C67618AB11BFE82200D4E4F4 /* favorite-grey2.png in Resources */ = {isa = PBXBuildFile; fileRef = C676188411BFE82200D4E4F4 /* favorite-grey2.png */; };
		C67618AC11BFE82200D4E4F4 /* iconehotspot.png in Resources */ = {isa = PBXBuildFile; fileRef = C676188511BFE82200D4E4F4 /* iconehotspot.png */; };
		C67618AF11BFE82200D4E4F4 /* isf_infos_en.png in Resources */ = {isa = PBXBuildFile; fileRef = C676188811BFE82200D4E4F4 /* isf_infos_en.png */; };
		C67618B011BFE82200D4E4F4 /* isf_infos_fr.png in Resources */ = {isa = PBXBuildFile; fileRef = C676188911BFE82200D4E4F4 /* isf_infos_fr.png */; };
		C67618B111BFE82200D4E4F4 /* map.png in Resources */ = {isa = PBXBuildFile; fileRef = C676188A11BFE82200D4E4F4 /* map.png */; };
		C67618B211BFE82200D4E4F4 /* no-connection.png in Resources */ = {isa = PBXBuildFile; fileRef = C676188B11BFE82200D4E4F4 /* no-connection.png */; };
		C67618B311BFE82200D4E4F4 /* pin-down-fav.png in Resources */ = {isa = PBXBuildFile; fileRef = C676188C11BFE82200D4E4F4 /* pin-down-fav.png */; };
		C67618B411BFE82200D4E4F4 /* pin-down.png in Resources */ = {isa = PBXBuildFile; fileRef = C676188D11BFE82200D4E4F4 /* pin-down.png */; };
		C67618B511BFE82200D4E4F4 /* pin-search.png in Resources */ = {isa = PBXBuildFile; fileRef = C676188E11BFE82200D4E4F4 /* pin-search.png */; };
		C67618B611BFE82200D4E4F4 /* pin-unknown.png in Resources */ = {isa = PBXBuildFile; fileRef = C676188F11BFE82200D4E4F4 /* pin-unknown.png */; };
		C67618B711BFE82200D4E4F4 /* pin-up-fav.png in Resources */ = {isa = PBXBuildFile; fileRef = C676189011BFE82200D4E4F4 /* pin-up-fav.png */; };
		C67618B811BFE82200D4E4F4 /* pin-up.png in Resources */ = {isa = PBXBuildFile; fileRef = C676189111BFE82200D4E4F4 /* pin-up.png */; };
		C67618B911BFE82200D4E4F4 /* searching-back.png in Resources */ = {isa = PBXBuildFile; fileRef = C676189211BFE82200D4E4F4 /* searching-back.png */; };
		C67618BA11BFE82200D4E4F4 /* tab-info.png in Resources */ = {isa = PBXBuildFile; fileRef = C676189311BFE82200D4E4F4 /* tab-info.png */; };
		C67618BB11BFE82200D4E4F4 /* tab-list.png in Resources */ = {isa = PBXBuildFile; fileRef = C676189411BFE82200D4E4F4 /* tab-list.png */; };
		C67618BC11BFE82200D4E4F4 /* tab-list2.png in Resources */ = {isa = PBXBuildFile; fileRef = C676189511BFE82200D4E4F4 /* tab-list2.png */; };
		C67618BD11BFE82200D4E4F4 /* tab-map.png in Resources */ = {isa = PBXBuildFile; fileRef = C676189611BFE82200D4E4F4 /* tab-map.png */; };
		C67618BE11BFE82200D4E4F4 /* tab-rss.png in Resources */ = {isa = PBXBuildFile; fileRef = C676189711BFE82200D4E4F4 /* tab-rss.png */; };
		C67618BF11BFE82200D4E4F4 /* UITabBar2.png in Resources */ = {isa = PBXBuildFile; fileRef = C676189811BFE82200D4E4F4 /* UITabBar2.png */; };
		C676193511BFFDEF00D4E4F4 /* showmap.png in Resources */ = {isa = PBXBuildFile; fileRef = C676193411BFFDEF00D4E4F4 /* showmap.png */; };
		C68585AF11C6BBBF004596F6 /* isfInfosNotice_en.png in Resources */ = {isa = PBXBuildFile; fileRef = C68585AD11C6BBBF004596F6 /* isfInfosNotice_en.png */; };
		C68585B011C6BBBF004596F6 /* isfInfosNotice_fr.png in Resources */ = {isa = PBXBuildFile; fileRef = C68585AE11C6BBBF004596F6 /* isfInfosNotice_fr.png */; };
		C68A14F71173BAB40010F77A /* FavoritesViewController.m in Sources */ = {isa = PBXBuildFile; fileRef = C68A14F51173BAB40010F77A /* FavoritesViewController.m */; };
		C6A4D05311764368001480C8 /* Favorite.m in Sources */ = {isa = PBXBuildFile; fileRef = C6A4D05211764368001480C8 /* Favorite.m */; };
		C6E40A0A117FBB2900EDDA7F /* InfosViewController.xib in Resources */ = {isa = PBXBuildFile; fileRef = C6E40A09117FBB2900EDDA7F /* InfosViewController.xib */; };
		C6F64E5A11C679E8002A32DB /* btn_notice_en.png in Resources */ = {isa = PBXBuildFile; fileRef = C6F64E5811C679E8002A32DB /* btn_notice_en.png */; };
		C6F64E5B11C679E8002A32DB /* btn_notice_fr.png in Resources */ = {isa = PBXBuildFile; fileRef = C6F64E5911C679E8002A32DB /* btn_notice_fr.png */; };
		C6F64EAA11C6AB16002A32DB /* infos_en.png in Resources */ = {isa = PBXBuildFile; fileRef = C6F64EA811C6AB16002A32DB /* infos_en.png */; };
		C6F64EAB11C6AB16002A32DB /* infos_fr.png in Resources */ = {isa = PBXBuildFile; fileRef = C6F64EA911C6AB16002A32DB /* infos_fr.png */; };
		C6F7EBA5118FC4860085A2C5 /* Hotspots.xcdatamodeld in Sources */ = {isa = PBXBuildFile; fileRef = C6F7EBA4118FC4860085A2C5 /* Hotspots.xcdatamodeld */; };
		EC25DAB212CBFC1100F3D809 /* fondtwitter.png in Resources */ = {isa = PBXBuildFile; fileRef = EC25DAB112CBFC1100F3D809 /* fondtwitter.png */; };
		ECC713ED12B83EF500F1FD37 /* build-state.dat in Resources */ = {isa = PBXBuildFile; fileRef = ECC7138F12B83EF500F1FD37 /* build-state.dat */; };
		ECC713EE12B83EF500F1FD37 /* build-state~.dat in Resources */ = {isa = PBXBuildFile; fileRef = ECC7139012B83EF500F1FD37 /* build-state~.dat */; };
		ECC713EF12B83EF500F1FD37 /* facebook-ios-sdk.dep in Resources */ = {isa = PBXBuildFile; fileRef = ECC7139112B83EF500F1FD37 /* facebook-ios-sdk.dep */; };
		ECC713F012B83EF500F1FD37 /* facebook-ios-sdk~.dep in Resources */ = {isa = PBXBuildFile; fileRef = ECC7139212B83EF500F1FD37 /* facebook-ios-sdk~.dep */; };
		ECC713F112B83EF500F1FD37 /* Facebook.m in Sources */ = {isa = PBXBuildFile; fileRef = ECC7139712B83EF500F1FD37 /* Facebook.m */; };
		ECC713F212B83EF500F1FD37 /* FBDialog.bundle in Resources */ = {isa = PBXBuildFile; fileRef = ECC7139A12B83EF500F1FD37 /* FBDialog.bundle */; };
		ECC713F312B83EF500F1FD37 /* FBDialog.m in Sources */ = {isa = PBXBuildFile; fileRef = ECC7139C12B83EF500F1FD37 /* FBDialog.m */; };
		ECC713F412B83EF500F1FD37 /* FBLoginDialog.m in Sources */ = {isa = PBXBuildFile; fileRef = ECC7139E12B83EF500F1FD37 /* FBLoginDialog.m */; };
		ECC713F512B83EF500F1FD37 /* FBRequest.m in Sources */ = {isa = PBXBuildFile; fileRef = ECC713A012B83EF500F1FD37 /* FBRequest.m */; };
		ECC713F612B83EF500F1FD37 /* NSObject+SBJSON.m in Sources */ = {isa = PBXBuildFile; fileRef = ECC713A412B83EF500F1FD37 /* NSObject+SBJSON.m */; };
		ECC713F712B83EF500F1FD37 /* NSString+SBJSON.m in Sources */ = {isa = PBXBuildFile; fileRef = ECC713A612B83EF500F1FD37 /* NSString+SBJSON.m */; };
		ECC713F812B83EF500F1FD37 /* SBJSON.m in Sources */ = {isa = PBXBuildFile; fileRef = ECC713A812B83EF500F1FD37 /* SBJSON.m */; };
		ECC713F912B83EF500F1FD37 /* SBJsonBase.m in Sources */ = {isa = PBXBuildFile; fileRef = ECC713AA12B83EF500F1FD37 /* SBJsonBase.m */; };
		ECC713FA12B83EF500F1FD37 /* SBJsonParser.m in Sources */ = {isa = PBXBuildFile; fileRef = ECC713AC12B83EF500F1FD37 /* SBJsonParser.m */; };
		ECC713FB12B83EF500F1FD37 /* SBJsonWriter.m in Sources */ = {isa = PBXBuildFile; fileRef = ECC713AE12B83EF500F1FD37 /* SBJsonWriter.m */; };
		ECC713FC12B83EF500F1FD37 /* TwitterViewController.m in Sources */ = {isa = PBXBuildFile; fileRef = ECC713AF12B83EF500F1FD37 /* TwitterViewController.m */; };
		ECC713FD12B83EF500F1FD37 /* jQueryInject.txt in Resources */ = {isa = PBXBuildFile; fileRef = ECC713B212B83EF500F1FD37 /* jQueryInject.txt */; };
		ECC713FE12B83EF500F1FD37 /* jQueryInjectLandscape.txt in Resources */ = {isa = PBXBuildFile; fileRef = ECC713B312B83EF500F1FD37 /* jQueryInjectLandscape.txt */; };
		ECC713FF12B83EF500F1FD37 /* libOAuth.a in Frameworks */ = {isa = PBXBuildFile; fileRef = ECC713B412B83EF500F1FD37 /* libOAuth.a */; };
		ECC7140012B83EF500F1FD37 /* MGTwitterEngine.m in Sources */ = {isa = PBXBuildFile; fileRef = ECC713C712B83EF500F1FD37 /* MGTwitterEngine.m */; };
		ECC7140112B83EF500F1FD37 /* MGTwitterHTTPURLConnection.m in Sources */ = {isa = PBXBuildFile; fileRef = ECC713CB12B83EF500F1FD37 /* MGTwitterHTTPURLConnection.m */; };
		ECC7140212B83EF500F1FD37 /* MGTwitterLibXMLParser.m in Sources */ = {isa = PBXBuildFile; fileRef = ECC713CD12B83EF500F1FD37 /* MGTwitterLibXMLParser.m */; };
		ECC7140312B83EF500F1FD37 /* MGTwitterMessagesLibXMLParser.m in Sources */ = {isa = PBXBuildFile; fileRef = ECC713CF12B83EF500F1FD37 /* MGTwitterMessagesLibXMLParser.m */; };
		ECC7140412B83EF500F1FD37 /* MGTwitterMessagesParser.m in Sources */ = {isa = PBXBuildFile; fileRef = ECC713D112B83EF500F1FD37 /* MGTwitterMessagesParser.m */; };
		ECC7140512B83EF500F1FD37 /* MGTwitterMiscLibXMLParser.m in Sources */ = {isa = PBXBuildFile; fileRef = ECC713D312B83EF500F1FD37 /* MGTwitterMiscLibXMLParser.m */; };
		ECC7140612B83EF500F1FD37 /* MGTwitterMiscParser.m in Sources */ = {isa = PBXBuildFile; fileRef = ECC713D512B83EF500F1FD37 /* MGTwitterMiscParser.m */; };
		ECC7140712B83EF500F1FD37 /* MGTwitterStatusesLibXMLParser.m in Sources */ = {isa = PBXBuildFile; fileRef = ECC713D912B83EF500F1FD37 /* MGTwitterStatusesLibXMLParser.m */; };
		ECC7140812B83EF500F1FD37 /* MGTwitterStatusesParser.m in Sources */ = {isa = PBXBuildFile; fileRef = ECC713DB12B83EF500F1FD37 /* MGTwitterStatusesParser.m */; };
		ECC7140912B83EF500F1FD37 /* MGTwitterUsersLibXMLParser.m in Sources */ = {isa = PBXBuildFile; fileRef = ECC713DD12B83EF500F1FD37 /* MGTwitterUsersLibXMLParser.m */; };
		ECC7140A12B83EF500F1FD37 /* MGTwitterUsersParser.m in Sources */ = {isa = PBXBuildFile; fileRef = ECC713DF12B83EF500F1FD37 /* MGTwitterUsersParser.m */; };
		ECC7140B12B83EF500F1FD37 /* MGTwitterXMLParser.m in Sources */ = {isa = PBXBuildFile; fileRef = ECC713E112B83EF500F1FD37 /* MGTwitterXMLParser.m */; };
		ECC7140C12B83EF500F1FD37 /* NSData+Base64.m in Sources */ = {isa = PBXBuildFile; fileRef = ECC713E312B83EF500F1FD37 /* NSData+Base64.m */; };
		ECC7140D12B83EF500F1FD37 /* NSString+UUID.m in Sources */ = {isa = PBXBuildFile; fileRef = ECC713E512B83EF500F1FD37 /* NSString+UUID.m */; };
		ECC7140E12B83EF500F1FD37 /* SA_OAuthTwitterController.m in Sources */ = {isa = PBXBuildFile; fileRef = ECC713E812B83EF500F1FD37 /* SA_OAuthTwitterController.m */; };
		ECC7140F12B83EF500F1FD37 /* SA_OAuthTwitterEngine.m in Sources */ = {isa = PBXBuildFile; fileRef = ECC713EA12B83EF500F1FD37 /* SA_OAuthTwitterEngine.m */; };
		ECC7141012B83EF500F1FD37 /* twitter_load.png in Resources */ = {isa = PBXBuildFile; fileRef = ECC713EB12B83EF500F1FD37 /* twitter_load.png */; };
		ECC7141812B8429400F1FD37 /* SettingsViewController.m in Sources */ = {isa = PBXBuildFile; fileRef = ECC7141612B8429400F1FD37 /* SettingsViewController.m */; };
		ECC7143A12B8447200F1FD37 /* libxml2.dylib in Frameworks */ = {isa = PBXBuildFile; fileRef = ECC7143912B8447200F1FD37 /* libxml2.dylib */; };
		ECC7144A12B8460A00F1FD37 /* SettingsViewController.xib in Resources */ = {isa = PBXBuildFile; fileRef = ECC7144812B8460A00F1FD37 /* SettingsViewController.xib */; };
		ECC7144B12B8460A00F1FD37 /* TwitterViewController.xib in Resources */ = {isa = PBXBuildFile; fileRef = ECC7144912B8460A00F1FD37 /* TwitterViewController.xib */; };
		ECC7147612B8477F00F1FD37 /* UserRequestResult.m in Sources */ = {isa = PBXBuildFile; fileRef = ECC7147112B8477F00F1FD37 /* UserRequestResult.m */; };
		ECC7147712B8477F00F1FD37 /* FBLoginButton.m in Sources */ = {isa = PBXBuildFile; fileRef = ECC7147312B8477F00F1FD37 /* FBLoginButton.m */; };
		ECC7147812B8477F00F1FD37 /* FBConnect.bundle in Resources */ = {isa = PBXBuildFile; fileRef = ECC7147512B8477F00F1FD37 /* FBConnect.bundle */; };
		ECC7148512B852D900F1FD37 /* logo_facebook.png in Resources */ = {isa = PBXBuildFile; fileRef = ECC7147F12B852D900F1FD37 /* logo_facebook.png */; };
		ECC7148612B852D900F1FD37 /* logo_twitter.png in Resources */ = {isa = PBXBuildFile; fileRef = ECC7148012B852D900F1FD37 /* logo_twitter.png */; };
		ECC7148712B852D900F1FD37 /* settings_fr.png in Resources */ = {isa = PBXBuildFile; fileRef = ECC7148112B852D900F1FD37 /* settings_fr.png */; };
		ECC7148812B852D900F1FD37 /* settings_en.png in Resources */ = {isa = PBXBuildFile; fileRef = ECC7148212B852D900F1FD37 /* settings_en.png */; };
		ECC7148912B852D900F1FD37 /* bttwitter.png in Resources */ = {isa = PBXBuildFile; fileRef = ECC7148312B852D900F1FD37 /* bttwitter.png */; };
		ECC7148A12B852D900F1FD37 /* twitter.png in Resources */ = {isa = PBXBuildFile; fileRef = ECC7148412B852D900F1FD37 /* twitter.png */; };
/* End PBXBuildFile section */

/* Begin PBXContainerItemProxy section */
		ECC7141212B83EF500F1FD37 /* PBXContainerItemProxy */ = {
			isa = PBXContainerItemProxy;
			containerPortal = ECC7139312B83EF500F1FD37 /* facebook-ios-sdk.xcodeproj */;
			proxyType = 2;
			remoteGlobalIDString = D2AAC07E0554694100DB518D;
			remoteInfo = "facebook-ios-sdk";
		};
/* End PBXContainerItemProxy section */

/* Begin PBXFileReference section */
		1D30AB110D05D00D00671497 /* Foundation.framework */ = {isa = PBXFileReference; lastKnownFileType = wrapper.framework; name = Foundation.framework; path = System/Library/Frameworks/Foundation.framework; sourceTree = SDKROOT; };
		1D6058910D05DD3D006BFB54 /* ZAP Québec.app */ = {isa = PBXFileReference; explicitFileType = wrapper.application; includeInIndex = 0; path = "ZAP Québec.app"; sourceTree = BUILT_PRODUCTS_DIR; };
		1DF5F4DF0D08C38300B7A737 /* UIKit.framework */ = {isa = PBXFileReference; lastKnownFileType = wrapper.framework; name = UIKit.framework; path = System/Library/Frameworks/UIKit.framework; sourceTree = SDKROOT; };
		2892E40F0DC94CBA00A64D0F /* CoreGraphics.framework */ = {isa = PBXFileReference; lastKnownFileType = wrapper.framework; name = CoreGraphics.framework; path = System/Library/Frameworks/CoreGraphics.framework; sourceTree = SDKROOT; };
		4F091E371077BDA900794F0E /* RootViewController.h */ = {isa = PBXFileReference; fileEncoding = 4; lastKnownFileType = sourcecode.c.h; path = RootViewController.h; sourceTree = "<group>"; };
		4F091E381077BDA900794F0E /* RootViewController.m */ = {isa = PBXFileReference; fileEncoding = 4; lastKnownFileType = sourcecode.c.objc; path = RootViewController.m; sourceTree = "<group>"; };
		4F091E3A1077BDA900794F0E /* ISFAppDelegate.h */ = {isa = PBXFileReference; fileEncoding = 4; lastKnownFileType = sourcecode.c.h; path = ISFAppDelegate.h; sourceTree = "<group>"; };
		4F091E3B1077BDA900794F0E /* ISFAppDelegate.m */ = {isa = PBXFileReference; fileEncoding = 4; lastKnownFileType = sourcecode.c.objc; path = ISFAppDelegate.m; sourceTree = "<group>"; };
		4F091E3C1077BDA900794F0E /* main.m */ = {isa = PBXFileReference; fileEncoding = 4; lastKnownFileType = sourcecode.c.objc; path = main.m; sourceTree = "<group>"; };
		4F091E411077BDA900794F0E /* MainWindow.xib */ = {isa = PBXFileReference; lastKnownFileType = file.xib; path = MainWindow.xib; sourceTree = "<group>"; };
		4F091E4B1077C02000794F0E /* icon.png */ = {isa = PBXFileReference; lastKnownFileType = image.png; path = icon.png; sourceTree = "<group>"; };
		4F091E5E1077C10000794F0E /* Default.png */ = {isa = PBXFileReference; lastKnownFileType = image.png; path = Default.png; sourceTree = "<group>"; };
		4F091EE81077C78900794F0E /* MapViewController.h */ = {isa = PBXFileReference; fileEncoding = 4; lastKnownFileType = sourcecode.c.h; path = MapViewController.h; sourceTree = "<group>"; };
		4F091EE91077C78900794F0E /* MapViewController.m */ = {isa = PBXFileReference; fileEncoding = 4; lastKnownFileType = sourcecode.c.objc; path = MapViewController.m; sourceTree = "<group>"; };
		4F091EEC1077C78900794F0E /* googleMapsAPI.h */ = {isa = PBXFileReference; fileEncoding = 4; lastKnownFileType = sourcecode.c.h; path = googleMapsAPI.h; sourceTree = "<group>"; };
		4F091EED1077C78900794F0E /* googleMapsAPI.m */ = {isa = PBXFileReference; fileEncoding = 4; lastKnownFileType = sourcecode.c.objc; path = googleMapsAPI.m; sourceTree = "<group>"; };
		4F091EF11077C7F400794F0E /* CoreLocation.framework */ = {isa = PBXFileReference; lastKnownFileType = wrapper.framework; name = CoreLocation.framework; path = /System/Library/Frameworks/CoreLocation.framework; sourceTree = "<absolute>"; };
		4F091EFE1077C8DB00794F0E /* MapKit.framework */ = {isa = PBXFileReference; lastKnownFileType = wrapper.framework; name = MapKit.framework; path = System/Library/Frameworks/MapKit.framework; sourceTree = SDKROOT; };
		4F091F0E1077CA6600794F0E /* SystemConfiguration.framework */ = {isa = PBXFileReference; lastKnownFileType = wrapper.framework; name = SystemConfiguration.framework; path = System/Library/Frameworks/SystemConfiguration.framework; sourceTree = SDKROOT; };
		4F1953C010780E3700F2B4A0 /* MapViewController.xib */ = {isa = PBXFileReference; lastKnownFileType = file.xib; path = MapViewController.xib; sourceTree = "<group>"; };
		4F195A9210786DB200F2B4A0 /* CoreData.framework */ = {isa = PBXFileReference; lastKnownFileType = wrapper.framework; name = CoreData.framework; path = System/Library/Frameworks/CoreData.framework; sourceTree = SDKROOT; };
		4F195AE010787BFA00F2B4A0 /* Model.h */ = {isa = PBXFileReference; fileEncoding = 4; lastKnownFileType = sourcecode.c.h; path = Model.h; sourceTree = "<group>"; };
		4F195AE110787BFA00F2B4A0 /* Model.m */ = {isa = PBXFileReference; fileEncoding = 4; lastKnownFileType = sourcecode.c.objc; path = Model.m; sourceTree = "<group>"; };
		4F260BDA108CB6D300737FAC /* en */ = {isa = PBXFileReference; fileEncoding = 4; lastKnownFileType = text.plist.strings; name = en; path = en.lproj/Localizable.strings; sourceTree = SOURCE_ROOT; };
		4F260BDC108CB6E600737FAC /* fr */ = {isa = PBXFileReference; lastKnownFileType = text.plist.strings; name = fr; path = fr.lproj/Localizable.strings; sourceTree = SOURCE_ROOT; };
		4F260CD5108D015400737FAC /* ConnectionViewController.h */ = {isa = PBXFileReference; fileEncoding = 4; lastKnownFileType = sourcecode.c.h; path = ConnectionViewController.h; sourceTree = "<group>"; };
		4F260CD6108D015400737FAC /* ConnectionViewController.m */ = {isa = PBXFileReference; fileEncoding = 4; lastKnownFileType = sourcecode.c.objc; path = ConnectionViewController.m; sourceTree = "<group>"; };
		4F260CD8108D019600737FAC /* ConnectionViewController.xib */ = {isa = PBXFileReference; lastKnownFileType = file.xib; path = ConnectionViewController.xib; sourceTree = "<group>"; };
		4F87B0AC107C2F270066F042 /* InfosViewController.h */ = {isa = PBXFileReference; fileEncoding = 4; lastKnownFileType = sourcecode.c.h; path = InfosViewController.h; sourceTree = "<group>"; };
		4F87B0AD107C2F270066F042 /* InfosViewController.m */ = {isa = PBXFileReference; fileEncoding = 4; lastKnownFileType = sourcecode.c.objc; path = InfosViewController.m; sourceTree = "<group>"; };
		4F87B0E2107C3DC80066F042 /* HotspotInfosViewController.h */ = {isa = PBXFileReference; fileEncoding = 4; lastKnownFileType = sourcecode.c.h; path = HotspotInfosViewController.h; sourceTree = "<group>"; };
		4F87B0E3107C3DC80066F042 /* HotspotInfosViewController.m */ = {isa = PBXFileReference; fileEncoding = 4; lastKnownFileType = sourcecode.c.objc; path = HotspotInfosViewController.m; sourceTree = "<group>"; };
		4F87B0E5107C3EA40066F042 /* HotspotInfosViewController.xib */ = {isa = PBXFileReference; lastKnownFileType = file.xib; path = HotspotInfosViewController.xib; sourceTree = "<group>"; };
		4FA4B0A2108124D600CE5C68 /* NewsViewController.h */ = {isa = PBXFileReference; fileEncoding = 4; lastKnownFileType = sourcecode.c.h; path = NewsViewController.h; sourceTree = "<group>"; };
		4FA4B0A3108124D600CE5C68 /* NewsViewController.m */ = {isa = PBXFileReference; fileEncoding = 4; lastKnownFileType = sourcecode.c.objc; path = NewsViewController.m; sourceTree = "<group>"; };
		4FC35C661089249B000C0E7D /* LoadingOverlay.h */ = {isa = PBXFileReference; fileEncoding = 4; lastKnownFileType = sourcecode.c.h; path = LoadingOverlay.h; sourceTree = "<group>"; };
		4FC35C671089249B000C0E7D /* LoadingOverlay.m */ = {isa = PBXFileReference; fileEncoding = 4; lastKnownFileType = sourcecode.c.objc; path = LoadingOverlay.m; sourceTree = "<group>"; };
		4FE0EA6A10823584001100E9 /* NewsWebViewController.h */ = {isa = PBXFileReference; fileEncoding = 4; lastKnownFileType = sourcecode.c.h; path = NewsWebViewController.h; sourceTree = "<group>"; };
		4FE0EA6B10823584001100E9 /* NewsWebViewController.m */ = {isa = PBXFileReference; fileEncoding = 4; lastKnownFileType = sourcecode.c.objc; path = NewsWebViewController.m; sourceTree = "<group>"; };
		4FE0EA6D108235C1001100E9 /* NewsWebViewController.xib */ = {isa = PBXFileReference; lastKnownFileType = file.xib; path = NewsWebViewController.xib; sourceTree = "<group>"; };
		4FECC12210790D9900CD8D96 /* LocationAnnotation.h */ = {isa = PBXFileReference; fileEncoding = 4; lastKnownFileType = sourcecode.c.h; path = LocationAnnotation.h; sourceTree = "<group>"; };
		4FECC12310790D9900CD8D96 /* LocationAnnotation.m */ = {isa = PBXFileReference; fileEncoding = 4; lastKnownFileType = sourcecode.c.objc; path = LocationAnnotation.m; sourceTree = "<group>"; };
		4FECC1A8107929B800CD8D96 /* XMLReader.h */ = {isa = PBXFileReference; fileEncoding = 4; lastKnownFileType = sourcecode.c.h; path = XMLReader.h; sourceTree = "<group>"; };
		4FECC1A9107929B800CD8D96 /* XMLReader.m */ = {isa = PBXFileReference; fileEncoding = 4; lastKnownFileType = sourcecode.c.objc; path = XMLReader.m; sourceTree = "<group>"; };
		4FECC25E10794FF200CD8D96 /* Hotspot.h */ = {isa = PBXFileReference; fileEncoding = 4; lastKnownFileType = sourcecode.c.h; path = Hotspot.h; sourceTree = "<group>"; };
		4FECC25F10794FF200CD8D96 /* Hotspot.m */ = {isa = PBXFileReference; fileEncoding = 4; lastKnownFileType = sourcecode.c.objc; path = Hotspot.m; sourceTree = "<group>"; };
		4FECC373107986F700CD8D96 /* Node.h */ = {isa = PBXFileReference; fileEncoding = 4; lastKnownFileType = sourcecode.c.h; path = Node.h; sourceTree = "<group>"; };
		4FECC374107986F700CD8D96 /* Node.m */ = {isa = PBXFileReference; fileEncoding = 4; lastKnownFileType = sourcecode.c.objc; path = Node.m; sourceTree = "<group>"; };
		4FF1E88C107E3BAC0033B9E5 /* dist.plist */ = {isa = PBXFileReference; fileEncoding = 4; lastKnownFileType = text.plist.xml; path = dist.plist; sourceTree = "<group>"; };
		8D1107310486CEB800E47090 /* Ile_sans_fil-Info.plist */ = {isa = PBXFileReference; fileEncoding = 4; lastKnownFileType = text.plist.xml; name = "Ile_sans_fil-Info.plist"; path = "../Ile_sans_fil-Info.plist"; plistStructureDefinitionIdentifier = "com.apple.xcode.plist.structure-definition.iphone.info-plist"; sourceTree = "<group>"; };
		BADBD83A1157C26F00757A9E /* FlurryAPI.h */ = {isa = PBXFileReference; fileEncoding = 4; lastKnownFileType = sourcecode.c.h; name = FlurryAPI.h; path = Librairies/FlurryAPI.h; sourceTree = "<group>"; };
		BADBD83B1157C26F00757A9E /* libFlurryWithLocation.a */ = {isa = PBXFileReference; lastKnownFileType = archive.ar; name = libFlurryWithLocation.a; path = Librairies/libFlurryWithLocation.a; sourceTree = "<group>"; };
		C602FEA911C1496800121FF3 /* btn-refresh.png */ = {isa = PBXFileReference; lastKnownFileType = image.png; path = "btn-refresh.png"; sourceTree = "<group>"; };
		C602FEBA11C1628000121FF3 /* EGORefreshTableHeaderView.h */ = {isa = PBXFileReference; fileEncoding = 4; lastKnownFileType = sourcecode.c.h; path = EGORefreshTableHeaderView.h; sourceTree = "<group>"; };
		C602FEBB11C1628000121FF3 /* EGORefreshTableHeaderView.m */ = {isa = PBXFileReference; fileEncoding = 4; lastKnownFileType = sourcecode.c.objc; path = EGORefreshTableHeaderView.m; sourceTree = "<group>"; };
		C602FEE711C164F700121FF3 /* blackArrow.png */ = {isa = PBXFileReference; lastKnownFileType = image.png; path = blackArrow.png; sourceTree = "<group>"; };
		C602FEE811C164F700121FF3 /* blueArrow.png */ = {isa = PBXFileReference; lastKnownFileType = image.png; path = blueArrow.png; sourceTree = "<group>"; };
		C602FEE911C164F700121FF3 /* whiteArrow.png */ = {isa = PBXFileReference; lastKnownFileType = image.png; path = whiteArrow.png; sourceTree = "<group>"; };
		C602FEF011C1653700121FF3 /* QuartzCore.framework */ = {isa = PBXFileReference; lastKnownFileType = wrapper.framework; name = QuartzCore.framework; path = System/Library/Frameworks/QuartzCore.framework; sourceTree = SDKROOT; };
		C609660011AC60D90044B6E6 /* Default1.png */ = {isa = PBXFileReference; lastKnownFileType = image.png; path = Default1.png; sourceTree = "<group>"; };
		C609660111AC60D90044B6E6 /* habs-home.png */ = {isa = PBXFileReference; lastKnownFileType = image.png; path = "habs-home.png"; sourceTree = "<group>"; };
		C609660211AC60D90044B6E6 /* head-fade-bk.png */ = {isa = PBXFileReference; lastKnownFileType = image.png; path = "head-fade-bk.png"; sourceTree = "<group>"; };
		C609660311AC60D90044B6E6 /* html1.html */ = {isa = PBXFileReference; fileEncoding = 4; lastKnownFileType = text.html; path = html1.html; sourceTree = "<group>"; };
		C609660411AC60D90044B6E6 /* html2.html */ = {isa = PBXFileReference; fileEncoding = 4; lastKnownFileType = text.html; path = html2.html; sourceTree = "<group>"; };
		C609660511AC60D90044B6E6 /* html3.html */ = {isa = PBXFileReference; fileEncoding = 4; lastKnownFileType = text.html; path = html3.html; sourceTree = "<group>"; };
		C609660611AC60D90044B6E6 /* html4.html */ = {isa = PBXFileReference; fileEncoding = 4; lastKnownFileType = text.html; path = html4.html; sourceTree = "<group>"; };
		C609660711AC60D90044B6E6 /* pinstripes-classic.gif */ = {isa = PBXFileReference; lastKnownFileType = image.gif; path = "pinstripes-classic.gif"; sourceTree = "<group>"; };
		C609660811AC60D90044B6E6 /* style-compressed.css */ = {isa = PBXFileReference; fileEncoding = 4; lastKnownFileType = text.css; path = "style-compressed.css"; sourceTree = "<group>"; };
		C609660911AC60D90044B6E6 /* style.css */ = {isa = PBXFileReference; fileEncoding = 4; lastKnownFileType = text.css; path = style.css; sourceTree = "<group>"; };
		C6135A881198521700DD3D52 /* Hotspots 3.xcdatamodel */ = {isa = PBXFileReference; lastKnownFileType = wrapper.xcdatamodel; path = "Hotspots 3.xcdatamodel"; sourceTree = "<group>"; };
		C62BDCA3119B5C80003BB843 /* News.h */ = {isa = PBXFileReference; fileEncoding = 4; lastKnownFileType = sourcecode.c.h; name = News.h; path = ../Resources/News.h; sourceTree = "<group>"; };
		C62BDCA4119B5C80003BB843 /* News.m */ = {isa = PBXFileReference; fileEncoding = 4; lastKnownFileType = sourcecode.c.objc; name = News.m; path = ../Resources/News.m; sourceTree = "<group>"; };
		C650EF6D11B067AF00FCB700 /* hotspot.xml */ = {isa = PBXFileReference; fileEncoding = 4; lastKnownFileType = text.xml; path = hotspot.xml; sourceTree = "<group>"; };
		C676187211BFE82200D4E4F4 /* alert_back-red.png */ = {isa = PBXFileReference; lastKnownFileType = image.png; path = "alert_back-red.png"; sourceTree = "<group>"; };
		C676187311BFE82200D4E4F4 /* alert_back-yellow.png */ = {isa = PBXFileReference; lastKnownFileType = image.png; path = "alert_back-yellow.png"; sourceTree = "<group>"; };
		C676187411BFE82200D4E4F4 /* btliste.jpg */ = {isa = PBXFileReference; lastKnownFileType = image.jpeg; path = btliste.jpg; sourceTree = "<group>"; };
		C676187511BFE82200D4E4F4 /* btlisteR.jpg */ = {isa = PBXFileReference; lastKnownFileType = image.jpeg; path = btlisteR.jpg; sourceTree = "<group>"; };
		C676187611BFE82200D4E4F4 /* btmap.jpg */ = {isa = PBXFileReference; lastKnownFileType = image.jpeg; path = btmap.jpg; sourceTree = "<group>"; };
		C676187711BFE82200D4E4F4 /* btmapR.jpg */ = {isa = PBXFileReference; lastKnownFileType = image.jpeg; path = btmapR.jpg; sourceTree = "<group>"; };
		C676187811BFE82200D4E4F4 /* btn_credits_en.png */ = {isa = PBXFileReference; lastKnownFileType = image.png; path = btn_credits_en.png; sourceTree = "<group>"; };
		C676187911BFE82200D4E4F4 /* btn_credits_fr.png */ = {isa = PBXFileReference; lastKnownFileType = image.png; path = btn_credits_fr.png; sourceTree = "<group>"; };
		C676187A11BFE82200D4E4F4 /* btn_isf_en.png */ = {isa = PBXFileReference; lastKnownFileType = image.png; path = btn_isf_en.png; sourceTree = "<group>"; };
		C676187B11BFE82200D4E4F4 /* btn_isf_fr.png */ = {isa = PBXFileReference; lastKnownFileType = image.png; path = btn_isf_fr.png; sourceTree = "<group>"; };
		C676187C11BFE82200D4E4F4 /* btn_isf_infos_back_en.png */ = {isa = PBXFileReference; lastKnownFileType = image.png; path = btn_isf_infos_back_en.png; sourceTree = "<group>"; };
		C676187D11BFE82200D4E4F4 /* btn_isf_infos_back_fr.png */ = {isa = PBXFileReference; lastKnownFileType = image.png; path = btn_isf_infos_back_fr.png; sourceTree = "<group>"; };
		C676187E11BFE82200D4E4F4 /* btn-loc.png */ = {isa = PBXFileReference; lastKnownFileType = image.png; path = "btn-loc.png"; sourceTree = "<group>"; };
		C676187F11BFE82200D4E4F4 /* coeur.png */ = {isa = PBXFileReference; lastKnownFileType = image.png; path = coeur.png; sourceTree = "<group>"; };
		C676188011BFE82200D4E4F4 /* direction.png */ = {isa = PBXFileReference; lastKnownFileType = image.png; path = direction.png; sourceTree = "<group>"; };
		C676188111BFE82200D4E4F4 /* favorite-color.png */ = {isa = PBXFileReference; lastKnownFileType = image.png; path = "favorite-color.png"; sourceTree = "<group>"; };
		C676188211BFE82200D4E4F4 /* favorite-color2.png */ = {isa = PBXFileReference; lastKnownFileType = image.png; path = "favorite-color2.png"; sourceTree = "<group>"; };
		C676188311BFE82200D4E4F4 /* favorite-grey.png */ = {isa = PBXFileReference; lastKnownFileType = image.png; path = "favorite-grey.png"; sourceTree = "<group>"; };
		C676188411BFE82200D4E4F4 /* favorite-grey2.png */ = {isa = PBXFileReference; lastKnownFileType = image.png; path = "favorite-grey2.png"; sourceTree = "<group>"; };
		C676188511BFE82200D4E4F4 /* iconehotspot.png */ = {isa = PBXFileReference; lastKnownFileType = image.png; path = iconehotspot.png; sourceTree = "<group>"; };
		C676188811BFE82200D4E4F4 /* isf_infos_en.png */ = {isa = PBXFileReference; lastKnownFileType = image.png; path = isf_infos_en.png; sourceTree = "<group>"; };
		C676188911BFE82200D4E4F4 /* isf_infos_fr.png */ = {isa = PBXFileReference; lastKnownFileType = image.png; path = isf_infos_fr.png; sourceTree = "<group>"; };
		C676188A11BFE82200D4E4F4 /* map.png */ = {isa = PBXFileReference; lastKnownFileType = image.png; path = map.png; sourceTree = "<group>"; };
		C676188B11BFE82200D4E4F4 /* no-connection.png */ = {isa = PBXFileReference; lastKnownFileType = image.png; path = "no-connection.png"; sourceTree = "<group>"; };
		C676188C11BFE82200D4E4F4 /* pin-down-fav.png */ = {isa = PBXFileReference; lastKnownFileType = image.png; path = "pin-down-fav.png"; sourceTree = "<group>"; };
		C676188D11BFE82200D4E4F4 /* pin-down.png */ = {isa = PBXFileReference; lastKnownFileType = image.png; path = "pin-down.png"; sourceTree = "<group>"; };
		C676188E11BFE82200D4E4F4 /* pin-search.png */ = {isa = PBXFileReference; lastKnownFileType = image.png; path = "pin-search.png"; sourceTree = "<group>"; };
		C676188F11BFE82200D4E4F4 /* pin-unknown.png */ = {isa = PBXFileReference; lastKnownFileType = image.png; path = "pin-unknown.png"; sourceTree = "<group>"; };
		C676189011BFE82200D4E4F4 /* pin-up-fav.png */ = {isa = PBXFileReference; lastKnownFileType = image.png; path = "pin-up-fav.png"; sourceTree = "<group>"; };
		C676189111BFE82200D4E4F4 /* pin-up.png */ = {isa = PBXFileReference; lastKnownFileType = image.png; path = "pin-up.png"; sourceTree = "<group>"; };
		C676189211BFE82200D4E4F4 /* searching-back.png */ = {isa = PBXFileReference; lastKnownFileType = image.png; path = "searching-back.png"; sourceTree = "<group>"; };
		C676189311BFE82200D4E4F4 /* tab-info.png */ = {isa = PBXFileReference; lastKnownFileType = image.png; path = "tab-info.png"; sourceTree = "<group>"; };
		C676189411BFE82200D4E4F4 /* tab-list.png */ = {isa = PBXFileReference; lastKnownFileType = image.png; path = "tab-list.png"; sourceTree = "<group>"; };
		C676189511BFE82200D4E4F4 /* tab-list2.png */ = {isa = PBXFileReference; lastKnownFileType = image.png; path = "tab-list2.png"; sourceTree = "<group>"; };
		C676189611BFE82200D4E4F4 /* tab-map.png */ = {isa = PBXFileReference; lastKnownFileType = image.png; path = "tab-map.png"; sourceTree = "<group>"; };
		C676189711BFE82200D4E4F4 /* tab-rss.png */ = {isa = PBXFileReference; lastKnownFileType = image.png; path = "tab-rss.png"; sourceTree = "<group>"; };
		C676189811BFE82200D4E4F4 /* UITabBar2.png */ = {isa = PBXFileReference; lastKnownFileType = image.png; path = UITabBar2.png; sourceTree = "<group>"; };
		C676193411BFFDEF00D4E4F4 /* showmap.png */ = {isa = PBXFileReference; lastKnownFileType = image.png; path = showmap.png; sourceTree = "<group>"; };
		C68585AD11C6BBBF004596F6 /* isfInfosNotice_en.png */ = {isa = PBXFileReference; lastKnownFileType = image.png; path = isfInfosNotice_en.png; sourceTree = "<group>"; };
		C68585AE11C6BBBF004596F6 /* isfInfosNotice_fr.png */ = {isa = PBXFileReference; lastKnownFileType = image.png; path = isfInfosNotice_fr.png; sourceTree = "<group>"; };
		C68A14F51173BAB40010F77A /* FavoritesViewController.m */ = {isa = PBXFileReference; fileEncoding = 4; lastKnownFileType = sourcecode.c.objc; name = FavoritesViewController.m; path = ../FavoritesViewController.m; sourceTree = "<group>"; };
		C68A14F61173BAB40010F77A /* FavoritesViewController.h */ = {isa = PBXFileReference; fileEncoding = 4; lastKnownFileType = sourcecode.c.h; name = FavoritesViewController.h; path = ../FavoritesViewController.h; sourceTree = "<group>"; };
		C69BF81C117FA0F60075600C /* InfosViewController.xib */ = {isa = PBXFileReference; explicitFileType = file.xib; name = InfosViewController.xib; path = ../../en.lproj/InfosViewController.xib; sourceTree = "<group>"; };
		C6A4D05111764368001480C8 /* Favorite.h */ = {isa = PBXFileReference; fileEncoding = 4; lastKnownFileType = sourcecode.c.h; name = Favorite.h; path = ../Resources/Favorite.h; sourceTree = "<group>"; };
		C6A4D05211764368001480C8 /* Favorite.m */ = {isa = PBXFileReference; fileEncoding = 4; lastKnownFileType = sourcecode.c.objc; name = Favorite.m; path = ../Resources/Favorite.m; sourceTree = "<group>"; };
		C6E40A0B117FBB3000EDDA7F /* InfosViewController.xib */ = {isa = PBXFileReference; lastKnownFileType = file.xib; name = InfosViewController.xib; path = ../../fr.lproj/InfosViewController.xib; sourceTree = "<group>"; wrapsLines = 0; };
		C6EEBA1311CFB4D2009D370B /* zap_quebec.pch */ = {isa = PBXFileReference; fileEncoding = 4; lastKnownFileType = sourcecode.c.h; path = zap_quebec.pch; sourceTree = "<group>"; };
		C6F64E5811C679E8002A32DB /* btn_notice_en.png */ = {isa = PBXFileReference; lastKnownFileType = image.png; path = btn_notice_en.png; sourceTree = "<group>"; };
		C6F64E5911C679E8002A32DB /* btn_notice_fr.png */ = {isa = PBXFileReference; lastKnownFileType = image.png; path = btn_notice_fr.png; sourceTree = "<group>"; };
		C6F64EA811C6AB16002A32DB /* infos_en.png */ = {isa = PBXFileReference; lastKnownFileType = image.png; path = infos_en.png; sourceTree = "<group>"; };
		C6F64EA911C6AB16002A32DB /* infos_fr.png */ = {isa = PBXFileReference; lastKnownFileType = image.png; path = infos_fr.png; sourceTree = "<group>"; };
		C6F7EBA0118FC46F0085A2C5 /* Hotspots.xcdatamodel */ = {isa = PBXFileReference; fileEncoding = 4; lastKnownFileType = wrapper.xcdatamodel; path = Hotspots.xcdatamodel; sourceTree = "<group>"; };
		C6F7EBA6118FC4860085A2C5 /* Hotspots 2.xcdatamodel */ = {isa = PBXFileReference; lastKnownFileType = wrapper.xcdatamodel; path = "Hotspots 2.xcdatamodel"; sourceTree = "<group>"; };
		EC25DAB112CBFC1100F3D809 /* fondtwitter.png */ = {isa = PBXFileReference; lastKnownFileType = image.png; path = fondtwitter.png; sourceTree = "<group>"; };
		ECC7138F12B83EF500F1FD37 /* build-state.dat */ = {isa = PBXFileReference; fileEncoding = 4; lastKnownFileType = text; path = "build-state.dat"; sourceTree = "<group>"; };
		ECC7139012B83EF500F1FD37 /* build-state~.dat */ = {isa = PBXFileReference; fileEncoding = 4; lastKnownFileType = text; path = "build-state~.dat"; sourceTree = "<group>"; };
		ECC7139112B83EF500F1FD37 /* facebook-ios-sdk.dep */ = {isa = PBXFileReference; fileEncoding = 4; lastKnownFileType = text; path = "facebook-ios-sdk.dep"; sourceTree = "<group>"; };
		ECC7139212B83EF500F1FD37 /* facebook-ios-sdk~.dep */ = {isa = PBXFileReference; fileEncoding = 4; lastKnownFileType = text; path = "facebook-ios-sdk~.dep"; sourceTree = "<group>"; };
		ECC7139312B83EF500F1FD37 /* facebook-ios-sdk.xcodeproj */ = {isa = PBXFileReference; lastKnownFileType = "wrapper.pb-project"; name = "facebook-ios-sdk.xcodeproj"; path = "../../isf 1.3.3 USE pour MAJ zap/src/facebook_connect/facebook-ios-sdk.xcodeproj"; sourceTree = SOURCE_ROOT; };
		ECC7139612B83EF500F1FD37 /* Facebook.h */ = {isa = PBXFileReference; fileEncoding = 4; lastKnownFileType = sourcecode.c.h; path = Facebook.h; sourceTree = "<group>"; };
		ECC7139712B83EF500F1FD37 /* Facebook.m */ = {isa = PBXFileReference; fileEncoding = 4; lastKnownFileType = sourcecode.c.objc; path = Facebook.m; sourceTree = "<group>"; };
		ECC7139812B83EF500F1FD37 /* facebook_ios_sdk_Prefix.pch */ = {isa = PBXFileReference; fileEncoding = 4; lastKnownFileType = sourcecode.c.h; path = facebook_ios_sdk_Prefix.pch; sourceTree = "<group>"; };
		ECC7139912B83EF500F1FD37 /* FBConnect.h */ = {isa = PBXFileReference; fileEncoding = 4; lastKnownFileType = sourcecode.c.h; path = FBConnect.h; sourceTree = "<group>"; };
		ECC7139A12B83EF500F1FD37 /* FBDialog.bundle */ = {isa = PBXFileReference; lastKnownFileType = "wrapper.plug-in"; path = FBDialog.bundle; sourceTree = "<group>"; };
		ECC7139B12B83EF500F1FD37 /* FBDialog.h */ = {isa = PBXFileReference; fileEncoding = 4; lastKnownFileType = sourcecode.c.h; path = FBDialog.h; sourceTree = "<group>"; };
		ECC7139C12B83EF500F1FD37 /* FBDialog.m */ = {isa = PBXFileReference; fileEncoding = 4; lastKnownFileType = sourcecode.c.objc; path = FBDialog.m; sourceTree = "<group>"; };
		ECC7139D12B83EF500F1FD37 /* FBLoginDialog.h */ = {isa = PBXFileReference; fileEncoding = 4; lastKnownFileType = sourcecode.c.h; path = FBLoginDialog.h; sourceTree = "<group>"; };
		ECC7139E12B83EF500F1FD37 /* FBLoginDialog.m */ = {isa = PBXFileReference; fileEncoding = 4; lastKnownFileType = sourcecode.c.objc; path = FBLoginDialog.m; sourceTree = "<group>"; };
		ECC7139F12B83EF500F1FD37 /* FBRequest.h */ = {isa = PBXFileReference; fileEncoding = 4; lastKnownFileType = sourcecode.c.h; path = FBRequest.h; sourceTree = "<group>"; };
		ECC713A012B83EF500F1FD37 /* FBRequest.m */ = {isa = PBXFileReference; fileEncoding = 4; lastKnownFileType = sourcecode.c.objc; path = FBRequest.m; sourceTree = "<group>"; };
		ECC713A212B83EF500F1FD37 /* JSON.h */ = {isa = PBXFileReference; fileEncoding = 4; lastKnownFileType = sourcecode.c.h; path = JSON.h; sourceTree = "<group>"; };
		ECC713A312B83EF500F1FD37 /* NSObject+SBJSON.h */ = {isa = PBXFileReference; fileEncoding = 4; lastKnownFileType = sourcecode.c.h; path = "NSObject+SBJSON.h"; sourceTree = "<group>"; };
		ECC713A412B83EF500F1FD37 /* NSObject+SBJSON.m */ = {isa = PBXFileReference; fileEncoding = 4; lastKnownFileType = sourcecode.c.objc; path = "NSObject+SBJSON.m"; sourceTree = "<group>"; };
		ECC713A512B83EF500F1FD37 /* NSString+SBJSON.h */ = {isa = PBXFileReference; fileEncoding = 4; lastKnownFileType = sourcecode.c.h; path = "NSString+SBJSON.h"; sourceTree = "<group>"; };
		ECC713A612B83EF500F1FD37 /* NSString+SBJSON.m */ = {isa = PBXFileReference; fileEncoding = 4; lastKnownFileType = sourcecode.c.objc; path = "NSString+SBJSON.m"; sourceTree = "<group>"; };
		ECC713A712B83EF500F1FD37 /* SBJSON.h */ = {isa = PBXFileReference; fileEncoding = 4; lastKnownFileType = sourcecode.c.h; path = SBJSON.h; sourceTree = "<group>"; };
		ECC713A812B83EF500F1FD37 /* SBJSON.m */ = {isa = PBXFileReference; fileEncoding = 4; lastKnownFileType = sourcecode.c.objc; path = SBJSON.m; sourceTree = "<group>"; };
		ECC713A912B83EF500F1FD37 /* SBJsonBase.h */ = {isa = PBXFileReference; fileEncoding = 4; lastKnownFileType = sourcecode.c.h; path = SBJsonBase.h; sourceTree = "<group>"; };
		ECC713AA12B83EF500F1FD37 /* SBJsonBase.m */ = {isa = PBXFileReference; fileEncoding = 4; lastKnownFileType = sourcecode.c.objc; path = SBJsonBase.m; sourceTree = "<group>"; };
		ECC713AB12B83EF500F1FD37 /* SBJsonParser.h */ = {isa = PBXFileReference; fileEncoding = 4; lastKnownFileType = sourcecode.c.h; path = SBJsonParser.h; sourceTree = "<group>"; };
		ECC713AC12B83EF500F1FD37 /* SBJsonParser.m */ = {isa = PBXFileReference; fileEncoding = 4; lastKnownFileType = sourcecode.c.objc; path = SBJsonParser.m; sourceTree = "<group>"; };
		ECC713AD12B83EF500F1FD37 /* SBJsonWriter.h */ = {isa = PBXFileReference; fileEncoding = 4; lastKnownFileType = sourcecode.c.h; path = SBJsonWriter.h; sourceTree = "<group>"; };
		ECC713AE12B83EF500F1FD37 /* SBJsonWriter.m */ = {isa = PBXFileReference; fileEncoding = 4; lastKnownFileType = sourcecode.c.objc; path = SBJsonWriter.m; sourceTree = "<group>"; };
		ECC713AF12B83EF500F1FD37 /* TwitterViewController.m */ = {isa = PBXFileReference; fileEncoding = 4; lastKnownFileType = sourcecode.c.objc; path = TwitterViewController.m; sourceTree = "<group>"; };
		ECC713B212B83EF500F1FD37 /* jQueryInject.txt */ = {isa = PBXFileReference; fileEncoding = 4; lastKnownFileType = text; path = jQueryInject.txt; sourceTree = "<group>"; };
		ECC713B312B83EF500F1FD37 /* jQueryInjectLandscape.txt */ = {isa = PBXFileReference; fileEncoding = 4; lastKnownFileType = text; path = jQueryInjectLandscape.txt; sourceTree = "<group>"; };
		ECC713B412B83EF500F1FD37 /* libOAuth.a */ = {isa = PBXFileReference; lastKnownFileType = archive.ar; path = libOAuth.a; sourceTree = "<group>"; };
		ECC713B612B83EF500F1FD37 /* NSMutableURLRequest+Parameters.h */ = {isa = PBXFileReference; fileEncoding = 4; lastKnownFileType = sourcecode.c.h; path = "NSMutableURLRequest+Parameters.h"; sourceTree = "<group>"; };
		ECC713B712B83EF500F1FD37 /* NSString+URLEncoding.h */ = {isa = PBXFileReference; fileEncoding = 4; lastKnownFileType = sourcecode.c.h; path = "NSString+URLEncoding.h"; sourceTree = "<group>"; };
		ECC713B812B83EF500F1FD37 /* NSURL+Base.h */ = {isa = PBXFileReference; fileEncoding = 4; lastKnownFileType = sourcecode.c.h; path = "NSURL+Base.h"; sourceTree = "<group>"; };
		ECC713B912B83EF500F1FD37 /* OAAsynchronousDataFetcher.h */ = {isa = PBXFileReference; fileEncoding = 4; lastKnownFileType = sourcecode.c.h; path = OAAsynchronousDataFetcher.h; sourceTree = "<group>"; };
		ECC713BA12B83EF500F1FD37 /* OAConsumer.h */ = {isa = PBXFileReference; fileEncoding = 4; lastKnownFileType = sourcecode.c.h; path = OAConsumer.h; sourceTree = "<group>"; };
		ECC713BB12B83EF500F1FD37 /* OADataFetcher.h */ = {isa = PBXFileReference; fileEncoding = 4; lastKnownFileType = sourcecode.c.h; path = OADataFetcher.h; sourceTree = "<group>"; };
		ECC713BC12B83EF500F1FD37 /* OAHMAC_SHA1SignatureProvider.h */ = {isa = PBXFileReference; fileEncoding = 4; lastKnownFileType = sourcecode.c.h; path = OAHMAC_SHA1SignatureProvider.h; sourceTree = "<group>"; };
		ECC713BD12B83EF500F1FD37 /* OAMutableURLRequest.h */ = {isa = PBXFileReference; fileEncoding = 4; lastKnownFileType = sourcecode.c.h; path = OAMutableURLRequest.h; sourceTree = "<group>"; };
		ECC713BE12B83EF500F1FD37 /* OAPlaintextSignatureProvider.h */ = {isa = PBXFileReference; fileEncoding = 4; lastKnownFileType = sourcecode.c.h; path = OAPlaintextSignatureProvider.h; sourceTree = "<group>"; };
		ECC713BF12B83EF500F1FD37 /* OARequestParameter.h */ = {isa = PBXFileReference; fileEncoding = 4; lastKnownFileType = sourcecode.c.h; path = OARequestParameter.h; sourceTree = "<group>"; };
		ECC713C012B83EF500F1FD37 /* OAServiceTicket.h */ = {isa = PBXFileReference; fileEncoding = 4; lastKnownFileType = sourcecode.c.h; path = OAServiceTicket.h; sourceTree = "<group>"; };
		ECC713C112B83EF500F1FD37 /* OASignatureProviding.h */ = {isa = PBXFileReference; fileEncoding = 4; lastKnownFileType = sourcecode.c.h; path = OASignatureProviding.h; sourceTree = "<group>"; };
		ECC713C212B83EF500F1FD37 /* OAToken.h */ = {isa = PBXFileReference; fileEncoding = 4; lastKnownFileType = sourcecode.c.h; path = OAToken.h; sourceTree = "<group>"; };
		ECC713C312B83EF500F1FD37 /* OAToken_KeychainExtensions.h */ = {isa = PBXFileReference; fileEncoding = 4; lastKnownFileType = sourcecode.c.h; path = OAToken_KeychainExtensions.h; sourceTree = "<group>"; };
		ECC713C412B83EF500F1FD37 /* OAuthConsumer.h */ = {isa = PBXFileReference; fileEncoding = 4; lastKnownFileType = sourcecode.c.h; path = OAuthConsumer.h; sourceTree = "<group>"; };
		ECC713C612B83EF500F1FD37 /* MGTwitterEngine.h */ = {isa = PBXFileReference; fileEncoding = 4; lastKnownFileType = sourcecode.c.h; path = MGTwitterEngine.h; sourceTree = "<group>"; };
		ECC713C712B83EF500F1FD37 /* MGTwitterEngine.m */ = {isa = PBXFileReference; fileEncoding = 4; lastKnownFileType = sourcecode.c.objc; path = MGTwitterEngine.m; sourceTree = "<group>"; };
		ECC713C812B83EF500F1FD37 /* MGTwitterEngineDelegate.h */ = {isa = PBXFileReference; fileEncoding = 4; lastKnownFileType = sourcecode.c.h; path = MGTwitterEngineDelegate.h; sourceTree = "<group>"; };
		ECC713C912B83EF500F1FD37 /* MGTwitterEngineGlobalHeader.h */ = {isa = PBXFileReference; fileEncoding = 4; lastKnownFileType = sourcecode.c.h; path = MGTwitterEngineGlobalHeader.h; sourceTree = "<group>"; };
		ECC713CA12B83EF500F1FD37 /* MGTwitterHTTPURLConnection.h */ = {isa = PBXFileReference; fileEncoding = 4; lastKnownFileType = sourcecode.c.h; path = MGTwitterHTTPURLConnection.h; sourceTree = "<group>"; };
		ECC713CB12B83EF500F1FD37 /* MGTwitterHTTPURLConnection.m */ = {isa = PBXFileReference; fileEncoding = 4; lastKnownFileType = sourcecode.c.objc; path = MGTwitterHTTPURLConnection.m; sourceTree = "<group>"; };
		ECC713CC12B83EF500F1FD37 /* MGTwitterLibXMLParser.h */ = {isa = PBXFileReference; fileEncoding = 4; lastKnownFileType = sourcecode.c.h; path = MGTwitterLibXMLParser.h; sourceTree = "<group>"; };
		ECC713CD12B83EF500F1FD37 /* MGTwitterLibXMLParser.m */ = {isa = PBXFileReference; fileEncoding = 4; lastKnownFileType = sourcecode.c.objc; path = MGTwitterLibXMLParser.m; sourceTree = "<group>"; };
		ECC713CE12B83EF500F1FD37 /* MGTwitterMessagesLibXMLParser.h */ = {isa = PBXFileReference; fileEncoding = 4; lastKnownFileType = sourcecode.c.h; path = MGTwitterMessagesLibXMLParser.h; sourceTree = "<group>"; };
		ECC713CF12B83EF500F1FD37 /* MGTwitterMessagesLibXMLParser.m */ = {isa = PBXFileReference; fileEncoding = 4; lastKnownFileType = sourcecode.c.objc; path = MGTwitterMessagesLibXMLParser.m; sourceTree = "<group>"; };
		ECC713D012B83EF500F1FD37 /* MGTwitterMessagesParser.h */ = {isa = PBXFileReference; fileEncoding = 4; lastKnownFileType = sourcecode.c.h; path = MGTwitterMessagesParser.h; sourceTree = "<group>"; };
		ECC713D112B83EF500F1FD37 /* MGTwitterMessagesParser.m */ = {isa = PBXFileReference; fileEncoding = 4; lastKnownFileType = sourcecode.c.objc; path = MGTwitterMessagesParser.m; sourceTree = "<group>"; };
		ECC713D212B83EF500F1FD37 /* MGTwitterMiscLibXMLParser.h */ = {isa = PBXFileReference; fileEncoding = 4; lastKnownFileType = sourcecode.c.h; path = MGTwitterMiscLibXMLParser.h; sourceTree = "<group>"; };
		ECC713D312B83EF500F1FD37 /* MGTwitterMiscLibXMLParser.m */ = {isa = PBXFileReference; fileEncoding = 4; lastKnownFileType = sourcecode.c.objc; path = MGTwitterMiscLibXMLParser.m; sourceTree = "<group>"; };
		ECC713D412B83EF500F1FD37 /* MGTwitterMiscParser.h */ = {isa = PBXFileReference; fileEncoding = 4; lastKnownFileType = sourcecode.c.h; path = MGTwitterMiscParser.h; sourceTree = "<group>"; };
		ECC713D512B83EF500F1FD37 /* MGTwitterMiscParser.m */ = {isa = PBXFileReference; fileEncoding = 4; lastKnownFileType = sourcecode.c.objc; path = MGTwitterMiscParser.m; sourceTree = "<group>"; };
		ECC713D612B83EF500F1FD37 /* MGTwitterParserDelegate.h */ = {isa = PBXFileReference; fileEncoding = 4; lastKnownFileType = sourcecode.c.h; path = MGTwitterParserDelegate.h; sourceTree = "<group>"; };
		ECC713D712B83EF500F1FD37 /* MGTwitterRequestTypes.h */ = {isa = PBXFileReference; fileEncoding = 4; lastKnownFileType = sourcecode.c.h; path = MGTwitterRequestTypes.h; sourceTree = "<group>"; };
		ECC713D812B83EF500F1FD37 /* MGTwitterStatusesLibXMLParser.h */ = {isa = PBXFileReference; fileEncoding = 4; lastKnownFileType = sourcecode.c.h; path = MGTwitterStatusesLibXMLParser.h; sourceTree = "<group>"; };
		ECC713D912B83EF500F1FD37 /* MGTwitterStatusesLibXMLParser.m */ = {isa = PBXFileReference; fileEncoding = 4; lastKnownFileType = sourcecode.c.objc; path = MGTwitterStatusesLibXMLParser.m; sourceTree = "<group>"; };
		ECC713DA12B83EF500F1FD37 /* MGTwitterStatusesParser.h */ = {isa = PBXFileReference; fileEncoding = 4; lastKnownFileType = sourcecode.c.h; path = MGTwitterStatusesParser.h; sourceTree = "<group>"; };
		ECC713DB12B83EF500F1FD37 /* MGTwitterStatusesParser.m */ = {isa = PBXFileReference; fileEncoding = 4; lastKnownFileType = sourcecode.c.objc; path = MGTwitterStatusesParser.m; sourceTree = "<group>"; };
		ECC713DC12B83EF500F1FD37 /* MGTwitterUsersLibXMLParser.h */ = {isa = PBXFileReference; fileEncoding = 4; lastKnownFileType = sourcecode.c.h; path = MGTwitterUsersLibXMLParser.h; sourceTree = "<group>"; };
		ECC713DD12B83EF500F1FD37 /* MGTwitterUsersLibXMLParser.m */ = {isa = PBXFileReference; fileEncoding = 4; lastKnownFileType = sourcecode.c.objc; path = MGTwitterUsersLibXMLParser.m; sourceTree = "<group>"; };
		ECC713DE12B83EF500F1FD37 /* MGTwitterUsersParser.h */ = {isa = PBXFileReference; fileEncoding = 4; lastKnownFileType = sourcecode.c.h; path = MGTwitterUsersParser.h; sourceTree = "<group>"; };
		ECC713DF12B83EF500F1FD37 /* MGTwitterUsersParser.m */ = {isa = PBXFileReference; fileEncoding = 4; lastKnownFileType = sourcecode.c.objc; path = MGTwitterUsersParser.m; sourceTree = "<group>"; };
		ECC713E012B83EF500F1FD37 /* MGTwitterXMLParser.h */ = {isa = PBXFileReference; fileEncoding = 4; lastKnownFileType = sourcecode.c.h; path = MGTwitterXMLParser.h; sourceTree = "<group>"; };
		ECC713E112B83EF500F1FD37 /* MGTwitterXMLParser.m */ = {isa = PBXFileReference; fileEncoding = 4; lastKnownFileType = sourcecode.c.objc; path = MGTwitterXMLParser.m; sourceTree = "<group>"; };
		ECC713E212B83EF500F1FD37 /* NSData+Base64.h */ = {isa = PBXFileReference; fileEncoding = 4; lastKnownFileType = sourcecode.c.h; path = "NSData+Base64.h"; sourceTree = "<group>"; };
		ECC713E312B83EF500F1FD37 /* NSData+Base64.m */ = {isa = PBXFileReference; fileEncoding = 4; lastKnownFileType = sourcecode.c.objc; path = "NSData+Base64.m"; sourceTree = "<group>"; };
		ECC713E412B83EF500F1FD37 /* NSString+UUID.h */ = {isa = PBXFileReference; fileEncoding = 4; lastKnownFileType = sourcecode.c.h; path = "NSString+UUID.h"; sourceTree = "<group>"; };
		ECC713E512B83EF500F1FD37 /* NSString+UUID.m */ = {isa = PBXFileReference; fileEncoding = 4; lastKnownFileType = sourcecode.c.objc; path = "NSString+UUID.m"; sourceTree = "<group>"; };
		ECC713E712B83EF500F1FD37 /* SA_OAuthTwitterController.h */ = {isa = PBXFileReference; fileEncoding = 4; lastKnownFileType = sourcecode.c.h; path = SA_OAuthTwitterController.h; sourceTree = "<group>"; };
		ECC713E812B83EF500F1FD37 /* SA_OAuthTwitterController.m */ = {isa = PBXFileReference; fileEncoding = 4; lastKnownFileType = sourcecode.c.objc; path = SA_OAuthTwitterController.m; sourceTree = "<group>"; };
		ECC713E912B83EF500F1FD37 /* SA_OAuthTwitterEngine.h */ = {isa = PBXFileReference; fileEncoding = 4; lastKnownFileType = sourcecode.c.h; path = SA_OAuthTwitterEngine.h; sourceTree = "<group>"; };
		ECC713EA12B83EF500F1FD37 /* SA_OAuthTwitterEngine.m */ = {isa = PBXFileReference; fileEncoding = 4; lastKnownFileType = sourcecode.c.objc; path = SA_OAuthTwitterEngine.m; sourceTree = "<group>"; };
		ECC713EB12B83EF500F1FD37 /* twitter_load.png */ = {isa = PBXFileReference; lastKnownFileType = image.png; path = twitter_load.png; sourceTree = "<group>"; };
		ECC713EC12B83EF500F1FD37 /* TwitterViewController.h */ = {isa = PBXFileReference; fileEncoding = 4; lastKnownFileType = sourcecode.c.h; path = TwitterViewController.h; sourceTree = "<group>"; };
		ECC7141612B8429400F1FD37 /* SettingsViewController.m */ = {isa = PBXFileReference; fileEncoding = 4; lastKnownFileType = sourcecode.c.objc; path = SettingsViewController.m; sourceTree = "<group>"; };
		ECC7141712B8429400F1FD37 /* SettingsViewController.h */ = {isa = PBXFileReference; fileEncoding = 4; lastKnownFileType = sourcecode.c.h; path = SettingsViewController.h; sourceTree = "<group>"; };
		ECC7143912B8447200F1FD37 /* libxml2.dylib */ = {isa = PBXFileReference; lastKnownFileType = "compiled.mach-o.dylib"; name = libxml2.dylib; path = usr/lib/libxml2.dylib; sourceTree = SDKROOT; };
		ECC7144812B8460A00F1FD37 /* SettingsViewController.xib */ = {isa = PBXFileReference; lastKnownFileType = file.xib; path = SettingsViewController.xib; sourceTree = "<group>"; };
		ECC7144912B8460A00F1FD37 /* TwitterViewController.xib */ = {isa = PBXFileReference; lastKnownFileType = file.xib; path = TwitterViewController.xib; sourceTree = "<group>"; };
		ECC7147112B8477F00F1FD37 /* UserRequestResult.m */ = {isa = PBXFileReference; fileEncoding = 4; lastKnownFileType = sourcecode.c.objc; path = UserRequestResult.m; sourceTree = SOURCE_ROOT; };
		ECC7147212B8477F00F1FD37 /* UserRequestResult.h */ = {isa = PBXFileReference; fileEncoding = 4; lastKnownFileType = sourcecode.c.h; path = UserRequestResult.h; sourceTree = SOURCE_ROOT; };
		ECC7147312B8477F00F1FD37 /* FBLoginButton.m */ = {isa = PBXFileReference; fileEncoding = 4; lastKnownFileType = sourcecode.c.objc; path = FBLoginButton.m; sourceTree = SOURCE_ROOT; };
		ECC7147412B8477F00F1FD37 /* FBLoginButton.h */ = {isa = PBXFileReference; fileEncoding = 4; lastKnownFileType = sourcecode.c.h; path = FBLoginButton.h; sourceTree = SOURCE_ROOT; };
		ECC7147512B8477F00F1FD37 /* FBConnect.bundle */ = {isa = PBXFileReference; lastKnownFileType = "wrapper.plug-in"; path = FBConnect.bundle; sourceTree = SOURCE_ROOT; };
		ECC7147F12B852D900F1FD37 /* logo_facebook.png */ = {isa = PBXFileReference; lastKnownFileType = image.png; path = logo_facebook.png; sourceTree = "<group>"; };
		ECC7148012B852D900F1FD37 /* logo_twitter.png */ = {isa = PBXFileReference; lastKnownFileType = image.png; path = logo_twitter.png; sourceTree = "<group>"; };
		ECC7148112B852D900F1FD37 /* settings_fr.png */ = {isa = PBXFileReference; lastKnownFileType = image.png; path = settings_fr.png; sourceTree = "<group>"; };
		ECC7148212B852D900F1FD37 /* settings_en.png */ = {isa = PBXFileReference; lastKnownFileType = image.png; path = settings_en.png; sourceTree = "<group>"; };
		ECC7148312B852D900F1FD37 /* bttwitter.png */ = {isa = PBXFileReference; lastKnownFileType = image.png; path = bttwitter.png; sourceTree = "<group>"; };
		ECC7148412B852D900F1FD37 /* twitter.png */ = {isa = PBXFileReference; lastKnownFileType = image.png; path = twitter.png; sourceTree = "<group>"; };
/* End PBXFileReference section */

/* Begin PBXFrameworksBuildPhase section */
		1D60588F0D05DD3D006BFB54 /* Frameworks */ = {
			isa = PBXFrameworksBuildPhase;
			buildActionMask = 2147483647;
			files = (
				1D60589F0D05DD5A006BFB54 /* Foundation.framework in Frameworks */,
				1DF5F4E00D08C38300B7A737 /* UIKit.framework in Frameworks */,
				2892E4100DC94CBA00A64D0F /* CoreGraphics.framework in Frameworks */,
				4F091EF21077C7F400794F0E /* CoreLocation.framework in Frameworks */,
				4F091EFF1077C8DB00794F0E /* MapKit.framework in Frameworks */,
				4F091F0F1077CA6600794F0E /* SystemConfiguration.framework in Frameworks */,
				4F195A9310786DB200F2B4A0 /* CoreData.framework in Frameworks */,
				BADBD83C1157C26F00757A9E /* libFlurryWithLocation.a in Frameworks */,
				C602FEF111C1653700121FF3 /* QuartzCore.framework in Frameworks */,
				ECC713FF12B83EF500F1FD37 /* libOAuth.a in Frameworks */,
				ECC7143A12B8447200F1FD37 /* libxml2.dylib in Frameworks */,
			);
			runOnlyForDeploymentPostprocessing = 0;
		};
/* End PBXFrameworksBuildPhase section */

/* Begin PBXGroup section */
		19C28FACFE9D520D11CA2CBB /* Products */ = {
			isa = PBXGroup;
			children = (
				1D6058910D05DD3D006BFB54 /* ZAP Québec.app */,
			);
			name = Products;
			sourceTree = "<group>";
		};
		29B97314FDCFA39411CA2CEA /* CustomTemplate */ = {
			isa = PBXGroup;
			children = (
				ECC7138A12B83EF500F1FD37 /* facebook_connect */,
				ECC713B012B83EF500F1FD37 /* Twitter+OAuth */,
				ECC713EC12B83EF500F1FD37 /* TwitterViewController.h */,
				ECC713AF12B83EF500F1FD37 /* TwitterViewController.m */,
				ECC7141612B8429400F1FD37 /* SettingsViewController.m */,
				ECC7141712B8429400F1FD37 /* SettingsViewController.h */,
				4F091E3D1077BDA900794F0E /* Models */,
				4F091E431077BDA900794F0E /* Views */,
				4F091E361077BDA900794F0E /* Controllers */,
				4F091E391077BDA900794F0E /* Main */,
				BADBD83D1157C27600757A9E /* Libraries */,
				4F091E3E1077BDA900794F0E /* Resources */,
				29B97315FDCFA39411CA2CEA /* Other Sources */,
				29B97323FDCFA39411CA2CEA /* Frameworks */,
				19C28FACFE9D520D11CA2CBB /* Products */,
			);
			name = CustomTemplate;
			sourceTree = "<group>";
		};
		29B97315FDCFA39411CA2CEA /* Other Sources */ = {
			isa = PBXGroup;
			children = (
				C6EEBA1311CFB4D2009D370B /* zap_quebec.pch */,
			);
			name = "Other Sources";
			sourceTree = "<group>";
		};
		29B97323FDCFA39411CA2CEA /* Frameworks */ = {
			isa = PBXGroup;
			children = (
				4F091F0E1077CA6600794F0E /* SystemConfiguration.framework */,
				4F091EFE1077C8DB00794F0E /* MapKit.framework */,
				4F091EF11077C7F400794F0E /* CoreLocation.framework */,
				1DF5F4DF0D08C38300B7A737 /* UIKit.framework */,
				1D30AB110D05D00D00671497 /* Foundation.framework */,
				2892E40F0DC94CBA00A64D0F /* CoreGraphics.framework */,
				4F195A9210786DB200F2B4A0 /* CoreData.framework */,
				C602FEF011C1653700121FF3 /* QuartzCore.framework */,
				ECC7143912B8447200F1FD37 /* libxml2.dylib */,
			);
			name = Frameworks;
			sourceTree = "<group>";
		};
		4F091E361077BDA900794F0E /* Controllers */ = {
			isa = PBXGroup;
			children = (
				C68A14D31173B6DD0010F77A /* Favorites */,
				4F091E911077C47400794F0E /* Map */,
				4FA4B0A1108124A200CE5C68 /* News */,
				4F87B0AB107C2F130066F042 /* Infos */,
				4F091E371077BDA900794F0E /* RootViewController.h */,
				4F091E381077BDA900794F0E /* RootViewController.m */,
				4F260CD5108D015400737FAC /* ConnectionViewController.h */,
				4F260CD6108D015400737FAC /* ConnectionViewController.m */,
			);
			path = Controllers;
			sourceTree = "<group>";
		};
		4F091E391077BDA900794F0E /* Main */ = {
			isa = PBXGroup;
			children = (
				4F091E3A1077BDA900794F0E /* ISFAppDelegate.h */,
				4F091E3B1077BDA900794F0E /* ISFAppDelegate.m */,
				4F091E3C1077BDA900794F0E /* main.m */,
			);
			path = Main;
			sourceTree = "<group>";
		};
		4F091E3D1077BDA900794F0E /* Models */ = {
			isa = PBXGroup;
			children = (
				C62BDCA3119B5C80003BB843 /* News.h */,
				C62BDCA4119B5C80003BB843 /* News.m */,
				C6A4D05111764368001480C8 /* Favorite.h */,
				C6A4D05211764368001480C8 /* Favorite.m */,
				4FECC12210790D9900CD8D96 /* LocationAnnotation.h */,
				4FECC12310790D9900CD8D96 /* LocationAnnotation.m */,
				4F195AE010787BFA00F2B4A0 /* Model.h */,
				4F195AE110787BFA00F2B4A0 /* Model.m */,
				4FECC25E10794FF200CD8D96 /* Hotspot.h */,
				4FECC25F10794FF200CD8D96 /* Hotspot.m */,
				4FECC373107986F700CD8D96 /* Node.h */,
				4FECC374107986F700CD8D96 /* Node.m */,
				4FECC1A8107929B800CD8D96 /* XMLReader.h */,
				4FECC1A9107929B800CD8D96 /* XMLReader.m */,
			);
			path = Models;
			sourceTree = "<group>";
		};
		4F091E3E1077BDA900794F0E /* Resources */ = {
			isa = PBXGroup;
			children = (
				C650EF6D11B067AF00FCB700 /* hotspot.xml */,
				C60965FF11AC60D90044B6E6 /* news_files */,
				C6F7EBA4118FC4860085A2C5 /* Hotspots.xcdatamodeld */,
				4FF1E88C107E3BAC0033B9E5 /* dist.plist */,
				4F091E3F1077BDA900794F0E /* Images */,
				4F091E401077BDA900794F0E /* NIBs */,
				4F091E5E1077C10000794F0E /* Default.png */,
				4F091E4B1077C02000794F0E /* icon.png */,
				8D1107310486CEB800E47090 /* Ile_sans_fil-Info.plist */,
				4F260BD9108CB6D300737FAC /* Localizable.strings */,
			);
			path = Resources;
			sourceTree = "<group>";
		};
		4F091E3F1077BDA900794F0E /* Images */ = {
			isa = PBXGroup;
			children = (
				EC25DAB112CBFC1100F3D809 /* fondtwitter.png */,
				ECC7147F12B852D900F1FD37 /* logo_facebook.png */,
				ECC7148012B852D900F1FD37 /* logo_twitter.png */,
				ECC7148112B852D900F1FD37 /* settings_fr.png */,
				ECC7148212B852D900F1FD37 /* settings_en.png */,
				ECC7148312B852D900F1FD37 /* bttwitter.png */,
				ECC7148412B852D900F1FD37 /* twitter.png */,
				C602FEE611C164C400121FF3 /* EGORefresh */,
				C602FEA911C1496800121FF3 /* btn-refresh.png */,
				C6F64EA811C6AB16002A32DB /* infos_en.png */,
				C6F64EA911C6AB16002A32DB /* infos_fr.png */,
				C6F64E5811C679E8002A32DB /* btn_notice_en.png */,
				C6F64E5911C679E8002A32DB /* btn_notice_fr.png */,
				C676187811BFE82200D4E4F4 /* btn_credits_en.png */,
				C676187911BFE82200D4E4F4 /* btn_credits_fr.png */,
				C676187A11BFE82200D4E4F4 /* btn_isf_en.png */,
				C676187B11BFE82200D4E4F4 /* btn_isf_fr.png */,
				C676193411BFFDEF00D4E4F4 /* showmap.png */,
				C676187211BFE82200D4E4F4 /* alert_back-red.png */,
				C676187311BFE82200D4E4F4 /* alert_back-yellow.png */,
				C676187411BFE82200D4E4F4 /* btliste.jpg */,
				C676187511BFE82200D4E4F4 /* btlisteR.jpg */,
				C676187611BFE82200D4E4F4 /* btmap.jpg */,
				C676187711BFE82200D4E4F4 /* btmapR.jpg */,
				C68585AD11C6BBBF004596F6 /* isfInfosNotice_en.png */,
				C68585AE11C6BBBF004596F6 /* isfInfosNotice_fr.png */,
				C676187C11BFE82200D4E4F4 /* btn_isf_infos_back_en.png */,
				C676187D11BFE82200D4E4F4 /* btn_isf_infos_back_fr.png */,
				C676187E11BFE82200D4E4F4 /* btn-loc.png */,
				C676187F11BFE82200D4E4F4 /* coeur.png */,
				C676188011BFE82200D4E4F4 /* direction.png */,
				C676188111BFE82200D4E4F4 /* favorite-color.png */,
				C676188211BFE82200D4E4F4 /* favorite-color2.png */,
				C676188311BFE82200D4E4F4 /* favorite-grey.png */,
				C676188411BFE82200D4E4F4 /* favorite-grey2.png */,
				C676188511BFE82200D4E4F4 /* iconehotspot.png */,
				C676188811BFE82200D4E4F4 /* isf_infos_en.png */,
				C676188911BFE82200D4E4F4 /* isf_infos_fr.png */,
				C676188A11BFE82200D4E4F4 /* map.png */,
				C676188B11BFE82200D4E4F4 /* no-connection.png */,
				C676188C11BFE82200D4E4F4 /* pin-down-fav.png */,
				C676188D11BFE82200D4E4F4 /* pin-down.png */,
				C676188E11BFE82200D4E4F4 /* pin-search.png */,
				C676188F11BFE82200D4E4F4 /* pin-unknown.png */,
				C676189011BFE82200D4E4F4 /* pin-up-fav.png */,
				C676189111BFE82200D4E4F4 /* pin-up.png */,
				C676189211BFE82200D4E4F4 /* searching-back.png */,
				C676189311BFE82200D4E4F4 /* tab-info.png */,
				C676189411BFE82200D4E4F4 /* tab-list.png */,
				C676189511BFE82200D4E4F4 /* tab-list2.png */,
				C676189611BFE82200D4E4F4 /* tab-map.png */,
				C676189711BFE82200D4E4F4 /* tab-rss.png */,
				C676189811BFE82200D4E4F4 /* UITabBar2.png */,
			);
			path = Images;
			sourceTree = "<group>";
		};
		4F091E401077BDA900794F0E /* NIBs */ = {
			isa = PBXGroup;
			children = (
				ECC7144812B8460A00F1FD37 /* SettingsViewController.xib */,
				ECC7144912B8460A00F1FD37 /* TwitterViewController.xib */,
				C6E40A09117FBB2900EDDA7F /* InfosViewController.xib */,
				4F091E411077BDA900794F0E /* MainWindow.xib */,
				4F1953C010780E3700F2B4A0 /* MapViewController.xib */,
				4F87B0E5107C3EA40066F042 /* HotspotInfosViewController.xib */,
				4FE0EA6D108235C1001100E9 /* NewsWebViewController.xib */,
				4F260CD8108D019600737FAC /* ConnectionViewController.xib */,
			);
			path = NIBs;
			sourceTree = "<group>";
		};
		4F091E431077BDA900794F0E /* Views */ = {
			isa = PBXGroup;
			children = (
				C602FEBA11C1628000121FF3 /* EGORefreshTableHeaderView.h */,
				C602FEBB11C1628000121FF3 /* EGORefreshTableHeaderView.m */,
				4FC35C661089249B000C0E7D /* LoadingOverlay.h */,
				4FC35C671089249B000C0E7D /* LoadingOverlay.m */,
			);
			path = Views;
			sourceTree = "<group>";
		};
		4F091E911077C47400794F0E /* Map */ = {
			isa = PBXGroup;
			children = (
				4F091EE81077C78900794F0E /* MapViewController.h */,
				4F091EE91077C78900794F0E /* MapViewController.m */,
				4F091EEC1077C78900794F0E /* googleMapsAPI.h */,
				4F091EED1077C78900794F0E /* googleMapsAPI.m */,
				4F87B0E2107C3DC80066F042 /* HotspotInfosViewController.h */,
				4F87B0E3107C3DC80066F042 /* HotspotInfosViewController.m */,
			);
			name = Map;
			sourceTree = "<group>";
		};
		4F87B0AB107C2F130066F042 /* Infos */ = {
			isa = PBXGroup;
			children = (
				4F87B0AC107C2F270066F042 /* InfosViewController.h */,
				4F87B0AD107C2F270066F042 /* InfosViewController.m */,
			);
			name = Infos;
			sourceTree = "<group>";
		};
		4FA4B0A1108124A200CE5C68 /* News */ = {
			isa = PBXGroup;
			children = (
				4FA4B0A2108124D600CE5C68 /* NewsViewController.h */,
				4FA4B0A3108124D600CE5C68 /* NewsViewController.m */,
				4FE0EA6A10823584001100E9 /* NewsWebViewController.h */,
				4FE0EA6B10823584001100E9 /* NewsWebViewController.m */,
			);
			name = News;
			sourceTree = "<group>";
		};
		BADBD83D1157C27600757A9E /* Libraries */ = {
			isa = PBXGroup;
			children = (
				BADBD83A1157C26F00757A9E /* FlurryAPI.h */,
				BADBD83B1157C26F00757A9E /* libFlurryWithLocation.a */,
			);
			name = Libraries;
			sourceTree = "<group>";
		};
		C602FEE611C164C400121FF3 /* EGORefresh */ = {
			isa = PBXGroup;
			children = (
				C602FEE711C164F700121FF3 /* blackArrow.png */,
				C602FEE811C164F700121FF3 /* blueArrow.png */,
				C602FEE911C164F700121FF3 /* whiteArrow.png */,
			);
			name = EGORefresh;
			sourceTree = "<group>";
		};
		C60965FF11AC60D90044B6E6 /* news_files */ = {
			isa = PBXGroup;
			children = (
				C609660011AC60D90044B6E6 /* Default1.png */,
				C609660111AC60D90044B6E6 /* habs-home.png */,
				C609660211AC60D90044B6E6 /* head-fade-bk.png */,
				C609660311AC60D90044B6E6 /* html1.html */,
				C609660411AC60D90044B6E6 /* html2.html */,
				C609660511AC60D90044B6E6 /* html3.html */,
				C609660611AC60D90044B6E6 /* html4.html */,
				C609660711AC60D90044B6E6 /* pinstripes-classic.gif */,
				C609660811AC60D90044B6E6 /* style-compressed.css */,
				C609660911AC60D90044B6E6 /* style.css */,
			);
			path = news_files;
			sourceTree = "<group>";
		};
		C68A14D31173B6DD0010F77A /* Favorites */ = {
			isa = PBXGroup;
			children = (
				C68A14F61173BAB40010F77A /* FavoritesViewController.h */,
				C68A14F51173BAB40010F77A /* FavoritesViewController.m */,
			);
			name = Favorites;
			sourceTree = "<group>";
		};
		ECC7138A12B83EF500F1FD37 /* facebook_connect */ = {
			isa = PBXGroup;
			children = (
				ECC7147112B8477F00F1FD37 /* UserRequestResult.m */,
				ECC7147212B8477F00F1FD37 /* UserRequestResult.h */,
				ECC7147312B8477F00F1FD37 /* FBLoginButton.m */,
				ECC7147412B8477F00F1FD37 /* FBLoginButton.h */,
				ECC7147512B8477F00F1FD37 /* FBConnect.bundle */,
				ECC7138B12B83EF500F1FD37 /* build */,
				ECC7139312B83EF500F1FD37 /* facebook-ios-sdk.xcodeproj */,
				ECC7139612B83EF500F1FD37 /* Facebook.h */,
				ECC7139712B83EF500F1FD37 /* Facebook.m */,
				ECC7139812B83EF500F1FD37 /* facebook_ios_sdk_Prefix.pch */,
				ECC7139912B83EF500F1FD37 /* FBConnect.h */,
				ECC7139A12B83EF500F1FD37 /* FBDialog.bundle */,
				ECC7139B12B83EF500F1FD37 /* FBDialog.h */,
				ECC7139C12B83EF500F1FD37 /* FBDialog.m */,
				ECC7139D12B83EF500F1FD37 /* FBLoginDialog.h */,
				ECC7139E12B83EF500F1FD37 /* FBLoginDialog.m */,
				ECC7139F12B83EF500F1FD37 /* FBRequest.h */,
				ECC713A012B83EF500F1FD37 /* FBRequest.m */,
				ECC713A112B83EF500F1FD37 /* JSON */,
			);
			path = facebook_connect;
			sourceTree = "<group>";
		};
		ECC7138B12B83EF500F1FD37 /* build */ = {
			isa = PBXGroup;
			children = (
				ECC7138C12B83EF500F1FD37 /* facebook-ios-sdk.build */,
			);
			path = build;
			sourceTree = "<group>";
		};
		ECC7138C12B83EF500F1FD37 /* facebook-ios-sdk.build */ = {
			isa = PBXGroup;
			children = (
				ECC7138D12B83EF500F1FD37 /* Debug-iphoneos */,
			);
			path = "facebook-ios-sdk.build";
			sourceTree = "<group>";
		};
		ECC7138D12B83EF500F1FD37 /* Debug-iphoneos */ = {
			isa = PBXGroup;
			children = (
				ECC7138E12B83EF500F1FD37 /* facebook-ios-sdk.build */,
			);
			path = "Debug-iphoneos";
			sourceTree = "<group>";
		};
		ECC7138E12B83EF500F1FD37 /* facebook-ios-sdk.build */ = {
			isa = PBXGroup;
			children = (
				ECC7138F12B83EF500F1FD37 /* build-state.dat */,
				ECC7139012B83EF500F1FD37 /* build-state~.dat */,
				ECC7139112B83EF500F1FD37 /* facebook-ios-sdk.dep */,
				ECC7139212B83EF500F1FD37 /* facebook-ios-sdk~.dep */,
			);
			path = "facebook-ios-sdk.build";
			sourceTree = "<group>";
		};
		ECC7139412B83EF500F1FD37 /* Products */ = {
			isa = PBXGroup;
			children = (
				ECC7141312B83EF500F1FD37 /* libfacebook_ios_sdk.a */,
			);
			name = Products;
			sourceTree = "<group>";
		};
		ECC713A112B83EF500F1FD37 /* JSON */ = {
			isa = PBXGroup;
			children = (
				ECC713A212B83EF500F1FD37 /* JSON.h */,
				ECC713A312B83EF500F1FD37 /* NSObject+SBJSON.h */,
				ECC713A412B83EF500F1FD37 /* NSObject+SBJSON.m */,
				ECC713A512B83EF500F1FD37 /* NSString+SBJSON.h */,
				ECC713A612B83EF500F1FD37 /* NSString+SBJSON.m */,
				ECC713A712B83EF500F1FD37 /* SBJSON.h */,
				ECC713A812B83EF500F1FD37 /* SBJSON.m */,
				ECC713A912B83EF500F1FD37 /* SBJsonBase.h */,
				ECC713AA12B83EF500F1FD37 /* SBJsonBase.m */,
				ECC713AB12B83EF500F1FD37 /* SBJsonParser.h */,
				ECC713AC12B83EF500F1FD37 /* SBJsonParser.m */,
				ECC713AD12B83EF500F1FD37 /* SBJsonWriter.h */,
				ECC713AE12B83EF500F1FD37 /* SBJsonWriter.m */,
			);
			path = JSON;
			sourceTree = "<group>";
		};
		ECC713B012B83EF500F1FD37 /* Twitter+OAuth */ = {
			isa = PBXGroup;
			children = (
				ECC713B112B83EF500F1FD37 /* Libraries & Headers */,
				ECC713C512B83EF500F1FD37 /* MGTwitterEngine */,
				ECC713E612B83EF500F1FD37 /* SAOAuthTwitterEngine */,
			);
			path = "Twitter+OAuth";
			sourceTree = "<group>";
		};
		ECC713B112B83EF500F1FD37 /* Libraries & Headers */ = {
			isa = PBXGroup;
			children = (
				ECC713B212B83EF500F1FD37 /* jQueryInject.txt */,
				ECC713B312B83EF500F1FD37 /* jQueryInjectLandscape.txt */,
				ECC713B412B83EF500F1FD37 /* libOAuth.a */,
				ECC713B512B83EF500F1FD37 /* OAuthConsumer */,
			);
			path = "Libraries & Headers";
			sourceTree = "<group>";
		};
		ECC713B512B83EF500F1FD37 /* OAuthConsumer */ = {
			isa = PBXGroup;
			children = (
				ECC713B612B83EF500F1FD37 /* NSMutableURLRequest+Parameters.h */,
				ECC713B712B83EF500F1FD37 /* NSString+URLEncoding.h */,
				ECC713B812B83EF500F1FD37 /* NSURL+Base.h */,
				ECC713B912B83EF500F1FD37 /* OAAsynchronousDataFetcher.h */,
				ECC713BA12B83EF500F1FD37 /* OAConsumer.h */,
				ECC713BB12B83EF500F1FD37 /* OADataFetcher.h */,
				ECC713BC12B83EF500F1FD37 /* OAHMAC_SHA1SignatureProvider.h */,
				ECC713BD12B83EF500F1FD37 /* OAMutableURLRequest.h */,
				ECC713BE12B83EF500F1FD37 /* OAPlaintextSignatureProvider.h */,
				ECC713BF12B83EF500F1FD37 /* OARequestParameter.h */,
				ECC713C012B83EF500F1FD37 /* OAServiceTicket.h */,
				ECC713C112B83EF500F1FD37 /* OASignatureProviding.h */,
				ECC713C212B83EF500F1FD37 /* OAToken.h */,
				ECC713C312B83EF500F1FD37 /* OAToken_KeychainExtensions.h */,
				ECC713C412B83EF500F1FD37 /* OAuthConsumer.h */,
			);
			path = OAuthConsumer;
			sourceTree = "<group>";
		};
		ECC713C512B83EF500F1FD37 /* MGTwitterEngine */ = {
			isa = PBXGroup;
			children = (
				ECC713C612B83EF500F1FD37 /* MGTwitterEngine.h */,
				ECC713C712B83EF500F1FD37 /* MGTwitterEngine.m */,
				ECC713C812B83EF500F1FD37 /* MGTwitterEngineDelegate.h */,
				ECC713C912B83EF500F1FD37 /* MGTwitterEngineGlobalHeader.h */,
				ECC713CA12B83EF500F1FD37 /* MGTwitterHTTPURLConnection.h */,
				ECC713CB12B83EF500F1FD37 /* MGTwitterHTTPURLConnection.m */,
				ECC713CC12B83EF500F1FD37 /* MGTwitterLibXMLParser.h */,
				ECC713CD12B83EF500F1FD37 /* MGTwitterLibXMLParser.m */,
				ECC713CE12B83EF500F1FD37 /* MGTwitterMessagesLibXMLParser.h */,
				ECC713CF12B83EF500F1FD37 /* MGTwitterMessagesLibXMLParser.m */,
				ECC713D012B83EF500F1FD37 /* MGTwitterMessagesParser.h */,
				ECC713D112B83EF500F1FD37 /* MGTwitterMessagesParser.m */,
				ECC713D212B83EF500F1FD37 /* MGTwitterMiscLibXMLParser.h */,
				ECC713D312B83EF500F1FD37 /* MGTwitterMiscLibXMLParser.m */,
				ECC713D412B83EF500F1FD37 /* MGTwitterMiscParser.h */,
				ECC713D512B83EF500F1FD37 /* MGTwitterMiscParser.m */,
				ECC713D612B83EF500F1FD37 /* MGTwitterParserDelegate.h */,
				ECC713D712B83EF500F1FD37 /* MGTwitterRequestTypes.h */,
				ECC713D812B83EF500F1FD37 /* MGTwitterStatusesLibXMLParser.h */,
				ECC713D912B83EF500F1FD37 /* MGTwitterStatusesLibXMLParser.m */,
				ECC713DA12B83EF500F1FD37 /* MGTwitterStatusesParser.h */,
				ECC713DB12B83EF500F1FD37 /* MGTwitterStatusesParser.m */,
				ECC713DC12B83EF500F1FD37 /* MGTwitterUsersLibXMLParser.h */,
				ECC713DD12B83EF500F1FD37 /* MGTwitterUsersLibXMLParser.m */,
				ECC713DE12B83EF500F1FD37 /* MGTwitterUsersParser.h */,
				ECC713DF12B83EF500F1FD37 /* MGTwitterUsersParser.m */,
				ECC713E012B83EF500F1FD37 /* MGTwitterXMLParser.h */,
				ECC713E112B83EF500F1FD37 /* MGTwitterXMLParser.m */,
				ECC713E212B83EF500F1FD37 /* NSData+Base64.h */,
				ECC713E312B83EF500F1FD37 /* NSData+Base64.m */,
				ECC713E412B83EF500F1FD37 /* NSString+UUID.h */,
				ECC713E512B83EF500F1FD37 /* NSString+UUID.m */,
			);
			path = MGTwitterEngine;
			sourceTree = "<group>";
		};
		ECC713E612B83EF500F1FD37 /* SAOAuthTwitterEngine */ = {
			isa = PBXGroup;
			children = (
				ECC713E712B83EF500F1FD37 /* SA_OAuthTwitterController.h */,
				ECC713E812B83EF500F1FD37 /* SA_OAuthTwitterController.m */,
				ECC713E912B83EF500F1FD37 /* SA_OAuthTwitterEngine.h */,
				ECC713EA12B83EF500F1FD37 /* SA_OAuthTwitterEngine.m */,
				ECC713EB12B83EF500F1FD37 /* twitter_load.png */,
			);
			path = SAOAuthTwitterEngine;
			sourceTree = "<group>";
		};
/* End PBXGroup section */

/* Begin PBXNativeTarget section */
		1D6058900D05DD3D006BFB54 /* ZAP Québec */ = {
			isa = PBXNativeTarget;
			buildConfigurationList = 1D6058960D05DD3E006BFB54 /* Build configuration list for PBXNativeTarget "ZAP Québec" */;
			buildPhases = (
				1D60588D0D05DD3D006BFB54 /* Resources */,
				1D60588E0D05DD3D006BFB54 /* Sources */,
				1D60588F0D05DD3D006BFB54 /* Frameworks */,
			);
			buildRules = (
			);
			dependencies = (
			);
			name = "ZAP Québec";
			productName = "ZAP Québec";
			productReference = 1D6058910D05DD3D006BFB54 /* ZAP Québec.app */;
			productType = "com.apple.product-type.application";
		};
/* End PBXNativeTarget section */

/* Begin PBXProject section */
		29B97313FDCFA39411CA2CEA /* Project object */ = {
			isa = PBXProject;
			attributes = {
				ORGANIZATIONNAME = "ZAP Québec";
			};
			buildConfigurationList = C01FCF4E08A954540054247B /* Build configuration list for PBXProject "ZAP Québec" */;
			compatibilityVersion = "Xcode 3.2";
			hasScannedForEncodings = 1;
			knownRegions = (
				English,
				Japanese,
				French,
				German,
				en,
				fr,
				Fr,
				En,
			);
			mainGroup = 29B97314FDCFA39411CA2CEA /* CustomTemplate */;
			projectDirPath = "";
			projectReferences = (
				{
					ProductGroup = ECC7139412B83EF500F1FD37 /* Products */;
					ProjectRef = ECC7139312B83EF500F1FD37 /* facebook-ios-sdk.xcodeproj */;
				},
			);
			projectRoot = "";
			targets = (
				1D6058900D05DD3D006BFB54 /* ZAP Québec */,
			);
		};
/* End PBXProject section */

/* Begin PBXReferenceProxy section */
		ECC7141312B83EF500F1FD37 /* libfacebook_ios_sdk.a */ = {
			isa = PBXReferenceProxy;
			fileType = archive.ar;
			path = libfacebook_ios_sdk.a;
			remoteRef = ECC7141212B83EF500F1FD37 /* PBXContainerItemProxy */;
			sourceTree = BUILT_PRODUCTS_DIR;
		};
/* End PBXReferenceProxy section */

/* Begin PBXResourcesBuildPhase section */
		1D60588D0D05DD3D006BFB54 /* Resources */ = {
			isa = PBXResourcesBuildPhase;
			buildActionMask = 2147483647;
			files = (
				4F091E471077BDA900794F0E /* MainWindow.xib in Resources */,
				4F091E4C1077C02000794F0E /* icon.png in Resources */,
				4F091E5F1077C10000794F0E /* Default.png in Resources */,
				4F1953C110780E3700F2B4A0 /* MapViewController.xib in Resources */,
				4F87B0E6107C3EA40066F042 /* HotspotInfosViewController.xib in Resources */,
				4FF1E88D107E3BAC0033B9E5 /* dist.plist in Resources */,
				4FE0EA6E108235C1001100E9 /* NewsWebViewController.xib in Resources */,
				4F260BDB108CB6D300737FAC /* Localizable.strings in Resources */,
				4F260CD9108D019600737FAC /* ConnectionViewController.xib in Resources */,
				C6E40A0A117FBB2900EDDA7F /* InfosViewController.xib in Resources */,
				C609660A11AC60D90044B6E6 /* Default1.png in Resources */,
				C609660B11AC60D90044B6E6 /* habs-home.png in Resources */,
				C609660C11AC60D90044B6E6 /* head-fade-bk.png in Resources */,
				C609660D11AC60D90044B6E6 /* html1.html in Resources */,
				C609660E11AC60D90044B6E6 /* html2.html in Resources */,
				C609660F11AC60D90044B6E6 /* html3.html in Resources */,
				C609661011AC60D90044B6E6 /* html4.html in Resources */,
				C609661111AC60D90044B6E6 /* pinstripes-classic.gif in Resources */,
				C609661211AC60D90044B6E6 /* style-compressed.css in Resources */,
				C609661311AC60D90044B6E6 /* style.css in Resources */,
				C650EF6E11B067AF00FCB700 /* hotspot.xml in Resources */,
				C676189911BFE82200D4E4F4 /* alert_back-red.png in Resources */,
				C676189A11BFE82200D4E4F4 /* alert_back-yellow.png in Resources */,
				C676189B11BFE82200D4E4F4 /* btliste.jpg in Resources */,
				C676189C11BFE82200D4E4F4 /* btlisteR.jpg in Resources */,
				C676189D11BFE82200D4E4F4 /* btmap.jpg in Resources */,
				C676189E11BFE82200D4E4F4 /* btmapR.jpg in Resources */,
				C676189F11BFE82200D4E4F4 /* btn_credits_en.png in Resources */,
				C67618A011BFE82200D4E4F4 /* btn_credits_fr.png in Resources */,
				C67618A111BFE82200D4E4F4 /* btn_isf_en.png in Resources */,
				C67618A211BFE82200D4E4F4 /* btn_isf_fr.png in Resources */,
				C67618A311BFE82200D4E4F4 /* btn_isf_infos_back_en.png in Resources */,
				C67618A411BFE82200D4E4F4 /* btn_isf_infos_back_fr.png in Resources */,
				C67618A511BFE82200D4E4F4 /* btn-loc.png in Resources */,
				C67618A611BFE82200D4E4F4 /* coeur.png in Resources */,
				C67618A711BFE82200D4E4F4 /* direction.png in Resources */,
				C67618A811BFE82200D4E4F4 /* favorite-color.png in Resources */,
				C67618A911BFE82200D4E4F4 /* favorite-color2.png in Resources */,
				C67618AA11BFE82200D4E4F4 /* favorite-grey.png in Resources */,
				C67618AB11BFE82200D4E4F4 /* favorite-grey2.png in Resources */,
				C67618AC11BFE82200D4E4F4 /* iconehotspot.png in Resources */,
				C67618AF11BFE82200D4E4F4 /* isf_infos_en.png in Resources */,
				C67618B011BFE82200D4E4F4 /* isf_infos_fr.png in Resources */,
				C67618B111BFE82200D4E4F4 /* map.png in Resources */,
				C67618B211BFE82200D4E4F4 /* no-connection.png in Resources */,
				C67618B311BFE82200D4E4F4 /* pin-down-fav.png in Resources */,
				C67618B411BFE82200D4E4F4 /* pin-down.png in Resources */,
				C67618B511BFE82200D4E4F4 /* pin-search.png in Resources */,
				C67618B611BFE82200D4E4F4 /* pin-unknown.png in Resources */,
				C67618B711BFE82200D4E4F4 /* pin-up-fav.png in Resources */,
				C67618B811BFE82200D4E4F4 /* pin-up.png in Resources */,
				C67618B911BFE82200D4E4F4 /* searching-back.png in Resources */,
				C67618BA11BFE82200D4E4F4 /* tab-info.png in Resources */,
				C67618BB11BFE82200D4E4F4 /* tab-list.png in Resources */,
				C67618BC11BFE82200D4E4F4 /* tab-list2.png in Resources */,
				C67618BD11BFE82200D4E4F4 /* tab-map.png in Resources */,
				C67618BE11BFE82200D4E4F4 /* tab-rss.png in Resources */,
				C67618BF11BFE82200D4E4F4 /* UITabBar2.png in Resources */,
				C676193511BFFDEF00D4E4F4 /* showmap.png in Resources */,
				C602FEAA11C1496800121FF3 /* btn-refresh.png in Resources */,
				C602FEEA11C164F700121FF3 /* blackArrow.png in Resources */,
				C602FEEB11C164F700121FF3 /* blueArrow.png in Resources */,
				C602FEEC11C164F700121FF3 /* whiteArrow.png in Resources */,
				C6F64E5A11C679E8002A32DB /* btn_notice_en.png in Resources */,
				C6F64E5B11C679E8002A32DB /* btn_notice_fr.png in Resources */,
				C6F64EAA11C6AB16002A32DB /* infos_en.png in Resources */,
				C6F64EAB11C6AB16002A32DB /* infos_fr.png in Resources */,
				C68585AF11C6BBBF004596F6 /* isfInfosNotice_en.png in Resources */,
				C68585B011C6BBBF004596F6 /* isfInfosNotice_fr.png in Resources */,
				ECC713ED12B83EF500F1FD37 /* build-state.dat in Resources */,
				ECC713EE12B83EF500F1FD37 /* build-state~.dat in Resources */,
				ECC713EF12B83EF500F1FD37 /* facebook-ios-sdk.dep in Resources */,
				ECC713F012B83EF500F1FD37 /* facebook-ios-sdk~.dep in Resources */,
				ECC713F212B83EF500F1FD37 /* FBDialog.bundle in Resources */,
				ECC713FD12B83EF500F1FD37 /* jQueryInject.txt in Resources */,
				ECC713FE12B83EF500F1FD37 /* jQueryInjectLandscape.txt in Resources */,
				ECC7141012B83EF500F1FD37 /* twitter_load.png in Resources */,
				ECC7144A12B8460A00F1FD37 /* SettingsViewController.xib in Resources */,
				ECC7144B12B8460A00F1FD37 /* TwitterViewController.xib in Resources */,
				ECC7147812B8477F00F1FD37 /* FBConnect.bundle in Resources */,
				ECC7148512B852D900F1FD37 /* logo_facebook.png in Resources */,
				ECC7148612B852D900F1FD37 /* logo_twitter.png in Resources */,
				ECC7148712B852D900F1FD37 /* settings_fr.png in Resources */,
				ECC7148812B852D900F1FD37 /* settings_en.png in Resources */,
				ECC7148912B852D900F1FD37 /* bttwitter.png in Resources */,
				ECC7148A12B852D900F1FD37 /* twitter.png in Resources */,
				EC25DAB212CBFC1100F3D809 /* fondtwitter.png in Resources */,
			);
			runOnlyForDeploymentPostprocessing = 0;
		};
/* End PBXResourcesBuildPhase section */

/* Begin PBXSourcesBuildPhase section */
		1D60588E0D05DD3D006BFB54 /* Sources */ = {
			isa = PBXSourcesBuildPhase;
			buildActionMask = 2147483647;
			files = (
				4F091E441077BDA900794F0E /* RootViewController.m in Sources */,
				4F091E451077BDA900794F0E /* ISFAppDelegate.m in Sources */,
				4F091E461077BDA900794F0E /* main.m in Sources */,
				4F091EEE1077C78900794F0E /* MapViewController.m in Sources */,
				4F091EF01077C78900794F0E /* googleMapsAPI.m in Sources */,
				4F195AE210787BFA00F2B4A0 /* Model.m in Sources */,
				4FECC12410790D9900CD8D96 /* LocationAnnotation.m in Sources */,
				4FECC1AA107929B800CD8D96 /* XMLReader.m in Sources */,
				4FECC26210794FF200CD8D96 /* Hotspot.m in Sources */,
				4FECC375107986F700CD8D96 /* Node.m in Sources */,
				4F87B0AE107C2F270066F042 /* InfosViewController.m in Sources */,
				4F87B0E4107C3DC80066F042 /* HotspotInfosViewController.m in Sources */,
				4FA4B0A4108124D600CE5C68 /* NewsViewController.m in Sources */,
				4FE0EA6C10823584001100E9 /* NewsWebViewController.m in Sources */,
				4FC35C681089249B000C0E7D /* LoadingOverlay.m in Sources */,
				4F260CD7108D015400737FAC /* ConnectionViewController.m in Sources */,
				C68A14F71173BAB40010F77A /* FavoritesViewController.m in Sources */,
				C6A4D05311764368001480C8 /* Favorite.m in Sources */,
				C6F7EBA5118FC4860085A2C5 /* Hotspots.xcdatamodeld in Sources */,
				C62BDCA5119B5C80003BB843 /* News.m in Sources */,
				C602FEBC11C1628000121FF3 /* EGORefreshTableHeaderView.m in Sources */,
				ECC713F112B83EF500F1FD37 /* Facebook.m in Sources */,
				ECC713F312B83EF500F1FD37 /* FBDialog.m in Sources */,
				ECC713F412B83EF500F1FD37 /* FBLoginDialog.m in Sources */,
				ECC713F512B83EF500F1FD37 /* FBRequest.m in Sources */,
				ECC713F612B83EF500F1FD37 /* NSObject+SBJSON.m in Sources */,
				ECC713F712B83EF500F1FD37 /* NSString+SBJSON.m in Sources */,
				ECC713F812B83EF500F1FD37 /* SBJSON.m in Sources */,
				ECC713F912B83EF500F1FD37 /* SBJsonBase.m in Sources */,
				ECC713FA12B83EF500F1FD37 /* SBJsonParser.m in Sources */,
				ECC713FB12B83EF500F1FD37 /* SBJsonWriter.m in Sources */,
				ECC713FC12B83EF500F1FD37 /* TwitterViewController.m in Sources */,
				ECC7140012B83EF500F1FD37 /* MGTwitterEngine.m in Sources */,
				ECC7140112B83EF500F1FD37 /* MGTwitterHTTPURLConnection.m in Sources */,
				ECC7140212B83EF500F1FD37 /* MGTwitterLibXMLParser.m in Sources */,
				ECC7140312B83EF500F1FD37 /* MGTwitterMessagesLibXMLParser.m in Sources */,
				ECC7140412B83EF500F1FD37 /* MGTwitterMessagesParser.m in Sources */,
				ECC7140512B83EF500F1FD37 /* MGTwitterMiscLibXMLParser.m in Sources */,
				ECC7140612B83EF500F1FD37 /* MGTwitterMiscParser.m in Sources */,
				ECC7140712B83EF500F1FD37 /* MGTwitterStatusesLibXMLParser.m in Sources */,
				ECC7140812B83EF500F1FD37 /* MGTwitterStatusesParser.m in Sources */,
				ECC7140912B83EF500F1FD37 /* MGTwitterUsersLibXMLParser.m in Sources */,
				ECC7140A12B83EF500F1FD37 /* MGTwitterUsersParser.m in Sources */,
				ECC7140B12B83EF500F1FD37 /* MGTwitterXMLParser.m in Sources */,
				ECC7140C12B83EF500F1FD37 /* NSData+Base64.m in Sources */,
				ECC7140D12B83EF500F1FD37 /* NSString+UUID.m in Sources */,
				ECC7140E12B83EF500F1FD37 /* SA_OAuthTwitterController.m in Sources */,
				ECC7140F12B83EF500F1FD37 /* SA_OAuthTwitterEngine.m in Sources */,
				ECC7141812B8429400F1FD37 /* SettingsViewController.m in Sources */,
				ECC7147612B8477F00F1FD37 /* UserRequestResult.m in Sources */,
				ECC7147712B8477F00F1FD37 /* FBLoginButton.m in Sources */,
			);
			runOnlyForDeploymentPostprocessing = 0;
		};
/* End PBXSourcesBuildPhase section */

/* Begin PBXVariantGroup section */
		4F260BD9108CB6D300737FAC /* Localizable.strings */ = {
			isa = PBXVariantGroup;
			children = (
				4F260BDA108CB6D300737FAC /* en */,
				4F260BDC108CB6E600737FAC /* fr */,
			);
			name = Localizable.strings;
			sourceTree = "<group>";
		};
		C6E40A09117FBB2900EDDA7F /* InfosViewController.xib */ = {
			isa = PBXVariantGroup;
			children = (
				C69BF81C117FA0F60075600C /* InfosViewController.xib */,
				C6E40A0B117FBB3000EDDA7F /* InfosViewController.xib */,
			);
			name = InfosViewController.xib;
			sourceTree = "<group>";
		};
/* End PBXVariantGroup section */

/* Begin XCBuildConfiguration section */
		1D6058940D05DD3E006BFB54 /* Debug */ = {
			isa = XCBuildConfiguration;
			buildSettings = {
				ALWAYS_SEARCH_USER_PATHS = NO;
				"CODE_SIGN_IDENTITY[sdk=iphoneos*]" = "iPhone Developer";
				COPY_PHASE_STRIP = NO;
				GCC_DYNAMIC_NO_PIC = NO;
				GCC_OPTIMIZATION_LEVEL = 0;
				GCC_PRECOMPILE_PREFIX_HEADER = YES;
				GCC_PREFIX_HEADER = zap_quebec.pch;
				INFOPLIST_FILE = "Ile_sans_fil-Info.plist";
				LIBRARY_SEARCH_PATHS = (
					"$(inherited)",
					"\"$(SRCROOT)/Librairies\"",
					"\"$(SRCROOT)/Twitter+OAuth/Libraries & Headers\"",
				);
				PRODUCT_NAME = "ZAP Québec";
				"PROVISIONING_PROFILE[sdk=iphoneos*]" = "08C7E9F0-BA82-49F4-AD1C-929DCC4A3BF9";
			};
			name = Debug;
		};
		1D6058950D05DD3E006BFB54 /* Release */ = {
			isa = XCBuildConfiguration;
			buildSettings = {
				ALWAYS_SEARCH_USER_PATHS = NO;
				COPY_PHASE_STRIP = YES;
				GCC_PRECOMPILE_PREFIX_HEADER = YES;
				GCC_PREFIX_HEADER = zap_quebec.pch;
				INFOPLIST_FILE = "Ile_sans_fil-Info.plist";
				LIBRARY_SEARCH_PATHS = (
					"$(inherited)",
					"\"$(SRCROOT)/Librairies\"",
					"\"$(SRCROOT)/Twitter+OAuth/Libraries & Headers\"",
				);
				PRODUCT_NAME = "ZAP Québec";
			};
			name = Release;
		};
		C01FCF4F08A954540054247B /* Debug */ = {
			isa = XCBuildConfiguration;
			buildSettings = {
				ARCHS = "$(ARCHS_STANDARD_32_BIT)";
				CODE_SIGN_IDENTITY = "iPhone Developer: Thomas dobranowski (9YLSV4T22Z)";
				"CODE_SIGN_IDENTITY[sdk=iphoneos*]" = "iPhone Developer: Thomas dobranowski (9YLSV4T22Z)";
				GCC_C_LANGUAGE_STANDARD = c99;
				GCC_WARN_ABOUT_RETURN_TYPE = YES;
				GCC_WARN_UNUSED_VARIABLE = YES;
				HEADER_SEARCH_PATHS = /usr/include/libxml2/;
				PREBINDING = NO;
				PROVISIONING_PROFILE = "08C7E9F0-BA82-49F4-AD1C-929DCC4A3BF9";
				"PROVISIONING_PROFILE[sdk=iphoneos*]" = "08C7E9F0-BA82-49F4-AD1C-929DCC4A3BF9";
				SDKROOT = iphoneos3.1.2;
			};
			name = Debug;
		};
		C01FCF5008A954540054247B /* Release */ = {
			isa = XCBuildConfiguration;
			buildSettings = {
				ARCHS = "$(ARCHS_STANDARD_32_BIT)";
				CODE_SIGN_IDENTITY = "iPhone Distribution: Ze Agence Inc";
				"CODE_SIGN_IDENTITY[sdk=iphoneos*]" = "iPhone Distribution: Ze Agence Inc";
				GCC_C_LANGUAGE_STANDARD = c99;
				GCC_WARN_ABOUT_RETURN_TYPE = YES;
				GCC_WARN_UNUSED_VARIABLE = YES;
				PREBINDING = NO;
				PROVISIONING_PROFILE = "80FE3141-B991-4EDA-8A48-40B617AF6BD3";
				"PROVISIONING_PROFILE[sdk=iphoneos*]" = "80FE3141-B991-4EDA-8A48-40B617AF6BD3";
				SDKROOT = iphoneos3.1.2;
			};
			name = Release;
		};
/* End XCBuildConfiguration section */

/* Begin XCConfigurationList section */
		1D6058960D05DD3E006BFB54 /* Build configuration list for PBXNativeTarget "ZAP Québec" */ = {
			isa = XCConfigurationList;
			buildConfigurations = (
				1D6058940D05DD3E006BFB54 /* Debug */,
				1D6058950D05DD3E006BFB54 /* Release */,
			);
			defaultConfigurationIsVisible = 0;
			defaultConfigurationName = Release;
		};
		C01FCF4E08A954540054247B /* Build configuration list for PBXProject "ZAP Québec" */ = {
			isa = XCConfigurationList;
			buildConfigurations = (
				C01FCF4F08A954540054247B /* Debug */,
				C01FCF5008A954540054247B /* Release */,
			);
			defaultConfigurationIsVisible = 0;
			defaultConfigurationName = Release;
		};
/* End XCConfigurationList section */

/* Begin XCVersionGroup section */
		C6F7EBA4118FC4860085A2C5 /* Hotspots.xcdatamodeld */ = {
			isa = XCVersionGroup;
			children = (
				C6F7EBA0118FC46F0085A2C5 /* Hotspots.xcdatamodel */,
				C6F7EBA6118FC4860085A2C5 /* Hotspots 2.xcdatamodel */,
				C6135A881198521700DD3D52 /* Hotspots 3.xcdatamodel */,
			);
			currentVersion = C6135A881198521700DD3D52 /* Hotspots 3.xcdatamodel */;
			path = Hotspots.xcdatamodeld;
			sourceTree = "<group>";
			versionGroupType = wrapper.xcdatamodel;
		};
/* End XCVersionGroup section */
	};
	rootObject = 29B97313FDCFA39411CA2CEA /* Project object */;
}
